// !$*UTF8*$!
{
	archiveVersion = 1;
	classes = {
	};
	objectVersion = 77;
	objects = {

/* Begin PBXBuildFile section */
		090499B62DC52D9800E9AE3D /* IxCoreKit in Frameworks */ = {isa = PBXBuildFile; productRef = 090499B52DC52D9800E9AE3D /* IxCoreKit */; };
		0915C1692CB80DA1003CF70B /* GoogleSignIn in Frameworks */ = {isa = PBXBuildFile; productRef = 0915C1682CB80DA1003CF70B /* GoogleSignIn */; };
		0915C16B2CB80DA1003CF70B /* GoogleSignInSwift in Frameworks */ = {isa = PBXBuildFile; productRef = 0915C16A2CB80DA1003CF70B /* GoogleSignInSwift */; };
		092F90AF2D7296A300760176 /* RevenueCat in Frameworks */ = {isa = PBXBuildFile; productRef = 092F90AE2D7296A300760176 /* RevenueCat */; };
		092F90B12D7296A300760176 /* RevenueCatUI in Frameworks */ = {isa = PBXBuildFile; productRef = 092F90B02D7296A300760176 /* RevenueCatUI */; };
		092FE7BD2D7F2BCC00F38388 /* Starscream in Frameworks */ = {isa = PBXBuildFile; productRef = 092FE7BC2D7F2BCC00F38388 /* Starscream */; };
		092FE7C42D7F3C8200F38388 /* WidgetKit.framework in Frameworks */ = {isa = PBXBuildFile; fileRef = 092FE7C32D7F3C8200F38388 /* WidgetKit.framework */; };
		092FE7C62D7F3C8200F38388 /* SwiftUI.framework in Frameworks */ = {isa = PBXBuildFile; fileRef = 092FE7C52D7F3C8200F38388 /* SwiftUI.framework */; };
		092FE7D72D7F3C8300F38388 /* indexWidgetExtension.appex in Embed Foundation Extensions */ = {isa = PBXBuildFile; fileRef = 092FE7C22D7F3C8200F38388 /* indexWidgetExtension.appex */; settings = {ATTRIBUTES = (RemoveHeadersOnCopy, ); }; };
		0932EB3B2CEB6BBF00321EEE /* DynamicColor in Frameworks */ = {isa = PBXBuildFile; productRef = 0932EB3A2CEB6BBF00321EEE /* DynamicColor */; };
		096C022D2F09E4FA00425185 /* RevenueCat in Frameworks */ = {isa = PBXBuildFile; productRef = 096C022C2F09E4FA00425185 /* RevenueCat */; };
		096C022F2F09E4FA00425185 /* RevenueCatUI in Frameworks */ = {isa = PBXBuildFile; productRef = 096C022E2F09E4FA00425185 /* RevenueCatUI */; };
		096C02312F09E50A00425185 /* DynamicColor in Frameworks */ = {isa = PBXBuildFile; productRef = 096C02302F09E50A00425185 /* DynamicColor */; };
		09841BFE2F1EA12C00D3E85E /* WindowOverlay in Frameworks */ = {isa = PBXBuildFile; productRef = 09841BFD2F1EA12C00D3E85E /* WindowOverlay */; };
		098A24772F3934B900A7B613 /* Intents.framework in Frameworks */ = {isa = PBXBuildFile; fileRef = 098A24762F3934B900A7B613 /* Intents.framework */; };
		098A248F2F3934B900A7B613 /* IxIntentsExtension.appex in Embed Foundation Extensions */ = {isa = PBXBuildFile; fileRef = 098A24752F3934B900A7B613 /* IxIntentsExtension.appex */; settings = {ATTRIBUTES = (RemoveHeadersOnCopy, ); }; };
		0992A7412D8A44B400EF7B33 /* FirebaseCore in Frameworks */ = {isa = PBXBuildFile; productRef = 0992A7402D8A44B400EF7B33 /* FirebaseCore */; };
		0992A7432D8A44BB00EF7B33 /* FirebaseMessaging in Frameworks */ = {isa = PBXBuildFile; productRef = 0992A7422D8A44BB00EF7B33 /* FirebaseMessaging */; };
		099C0F3B2F09AE47003C546F /* MCEmojiPicker in Frameworks */ = {isa = PBXBuildFile; productRef = 099C0F3A2F09AE47003C546F /* MCEmojiPicker */; };
		099C0F3D2F09AE47003C546F /* MCEmojiPickerJSON in Frameworks */ = {isa = PBXBuildFile; productRef = 099C0F3C2F09AE47003C546F /* MCEmojiPickerJSON */; };
		09CBAF5D2F393804009F1AD3 /* IxCoreKit in Frameworks */ = {isa = PBXBuildFile; productRef = 09CBAF5C2F393804009F1AD3 /* IxCoreKit */; };
		09D9117F2DCB63730087D915 /* IxCoreKit in Frameworks */ = {isa = PBXBuildFile; productRef = 09D9117E2DCB63730087D915 /* IxCoreKit */; };
		09D911812DCB63770087D915 /* IxCoreKit in Frameworks */ = {isa = PBXBuildFile; productRef = 09D911802DCB63770087D915 /* IxCoreKit */; };
		09DA1F7D2F3BB76100F4EE9B /* DynamicColor in Frameworks */ = {isa = PBXBuildFile; productRef = 09DA1F7C2F3BB76100F4EE9B /* DynamicColor */; };
		09DC44A72F1EE3D7003A7185 /* MCEmojiPicker in Frameworks */ = {isa = PBXBuildFile; productRef = 09DC44A62F1EE3D7003A7185 /* MCEmojiPicker */; };
		09F48F452D7E623D00CA50AC /* indexShareExtension.appex in Embed Foundation Extensions */ = {isa = PBXBuildFile; fileRef = 09F48F3B2D7E623D00CA50AC /* indexShareExtension.appex */; settings = {ATTRIBUTES = (RemoveHeadersOnCopy, ); }; };
/* End PBXBuildFile section */

/* Begin PBXContainerItemProxy section */
		092FE7D52D7F3C8300F38388 /* PBXContainerItemProxy */ = {
			isa = PBXContainerItemProxy;
			containerPortal = 093287D12C9C811200A0717E /* Project object */;
			proxyType = 1;
			remoteGlobalIDString = 092FE7C12D7F3C8200F38388;
			remoteInfo = indexWidgetExtension;
		};
		09572AB62D7E90ED00333F3C /* PBXContainerItemProxy */ = {
			isa = PBXContainerItemProxy;
			containerPortal = 093287D12C9C811200A0717E /* Project object */;
			proxyType = 1;
			remoteGlobalIDString = 09F48F3A2D7E623D00CA50AC;
			remoteInfo = indexShareExtension;
		};
		098A248D2F3934B900A7B613 /* PBXContainerItemProxy */ = {
			isa = PBXContainerItemProxy;
			containerPortal = 093287D12C9C811200A0717E /* Project object */;
			proxyType = 1;
			remoteGlobalIDString = 098A24742F3934B900A7B613;
			remoteInfo = IxIntentsExtension;
		};
/* End PBXContainerItemProxy section */

/* Begin PBXCopyFilesBuildPhase section */
		09600C492D7E5504002B9CFA /* Embed Foundation Extensions */ = {
			isa = PBXCopyFilesBuildPhase;
			buildActionMask = 2147483647;
			dstPath = "";
			dstSubfolderSpec = 13;
			files = (
				09F48F452D7E623D00CA50AC /* indexShareExtension.appex in Embed Foundation Extensions */,
				092FE7D72D7F3C8300F38388 /* indexWidgetExtension.appex in Embed Foundation Extensions */,
				098A248F2F3934B900A7B613 /* IxIntentsExtension.appex in Embed Foundation Extensions */,
			);
			name = "Embed Foundation Extensions";
			runOnlyForDeploymentPostprocessing = 0;
		};
/* End PBXCopyFilesBuildPhase section */

/* Begin PBXFileReference section */
		092FE7C22D7F3C8200F38388 /* indexWidgetExtension.appex */ = {isa = PBXFileReference; explicitFileType = "wrapper.app-extension"; includeInIndex = 0; path = indexWidgetExtension.appex; sourceTree = BUILT_PRODUCTS_DIR; };
		092FE7C32D7F3C8200F38388 /* WidgetKit.framework */ = {isa = PBXFileReference; lastKnownFileType = wrapper.framework; name = WidgetKit.framework; path = System/Library/Frameworks/WidgetKit.framework; sourceTree = SDKROOT; };
		092FE7C52D7F3C8200F38388 /* SwiftUI.framework */ = {isa = PBXFileReference; lastKnownFileType = wrapper.framework; name = SwiftUI.framework; path = System/Library/Frameworks/SwiftUI.framework; sourceTree = SDKROOT; };
		093287D92C9C811200A0717E /* index.app */ = {isa = PBXFileReference; explicitFileType = wrapper.application; includeInIndex = 0; path = index.app; sourceTree = BUILT_PRODUCTS_DIR; };
		098A24752F3934B900A7B613 /* IxIntentsExtension.appex */ = {isa = PBXFileReference; explicitFileType = "wrapper.app-extension"; includeInIndex = 0; path = IxIntentsExtension.appex; sourceTree = BUILT_PRODUCTS_DIR; };
		098A24762F3934B900A7B613 /* Intents.framework */ = {isa = PBXFileReference; lastKnownFileType = wrapper.framework; name = Intents.framework; path = System/Library/Frameworks/Intents.framework; sourceTree = SDKROOT; };
		098A24812F3934B900A7B613 /* IntentsUI.framework */ = {isa = PBXFileReference; lastKnownFileType = wrapper.framework; name = IntentsUI.framework; path = System/Library/Frameworks/IntentsUI.framework; sourceTree = SDKROOT; };
		09B6252C2DBF8AE900E60C6E /* IxCoreKit */ = {isa = PBXFileReference; lastKnownFileType = wrapper; path = IxCoreKit; sourceTree = "<group>"; };
		09F48F3B2D7E623D00CA50AC /* indexShareExtension.appex */ = {isa = PBXFileReference; explicitFileType = "wrapper.app-extension"; includeInIndex = 0; path = indexShareExtension.appex; sourceTree = BUILT_PRODUCTS_DIR; };
/* End PBXFileReference section */

/* Begin PBXFileSystemSynchronizedBuildFileExceptionSet section */
		0915C16D2CB80EC5003CF70B /* Exceptions for "index" folder in "index" target */ = {
			isa = PBXFileSystemSynchronizedBuildFileExceptionSet;
			membershipExceptions = (
				Info.plist,
			);
			target = 093287D82C9C811200A0717E /* index */;
		};
		092FE7DB2D7F3C8300F38388 /* Exceptions for "indexWidget" folder in "indexWidgetExtension" target */ = {
			isa = PBXFileSystemSynchronizedBuildFileExceptionSet;
			membershipExceptions = (
				Info.plist,
			);
			target = 092FE7C12D7F3C8200F38388 /* indexWidgetExtension */;
		};
		096C02182F09E2C500425185 /* Exceptions for "indexWidget" folder in "index" target */ = {
			isa = PBXFileSystemSynchronizedBuildFileExceptionSet;
			membershipExceptions = (
				IxWidgetDependencies.swift,
				Timeline/TimelineEntryRelevance.swift,
				Timeline/TodayTasksTimeline.swift,
				Widgets/TodayTasksWidget.swift,
			);
			target = 093287D82C9C811200A0717E /* index */;
		};
		096C021C2F09E3C900425185 /* Exceptions for "index" folder in "indexShareExtension" target */ = {
			isa = PBXFileSystemSynchronizedBuildFileExceptionSet;
			membershipExceptions = (
				App/Intents/CreateEntity/CreateItemIntent.swift,
				App/Intents/CreateEntity/CreateTaskIntent.swift,
				App/Intents/EdiEntity/EditItemIntent.swift,
				App/Intents/IxIntentError.swift,
				App/Intents/Models/Entities/IxListCategoryEntity.swift,
				App/Intents/Models/Entities/IxListEntity.swift,
				App/Intents/Models/Entities/IxListItemEntity.swift,
				App/Intents/Models/Entities/IxTaskEntity.swift,
				App/Intents/Models/Enum/IxColorEnum.swift,
				App/Intents/Models/Enum/NavigationOptionEnum.swift,
				App/Intents/Models/Enum/TaskPriority.swift,
				App/Intents/Models/Query/IxListCategoryEntityQuery.swift,
				App/Intents/Models/Query/IxListEntityQuery.swift,
				App/Intents/Models/Query/IxListItemEntityQuery.swift,
				App/Intents/Models/Query/IxTaskEntityQuery.swift,
				App/Intents/Navigation/NavigateIntent.swift,
				App/Intents/NonDiscoverable/CompleteItemByIdIntent.swift,
				App/Intents/NonDiscoverable/CompleteTaskByIdIntent.swift,
				App/Intents/OpenEntities/OpenListIntent.swift,
				App/Intents/Snippet/ItemSnippetIntent.swift,
				App/Intents/Snippet/TaskSnippetIntent.swift,
				App/Intents/WidgetConfiguration/ListConfigurationWidgetIntent.swift,
				App/Intents/WidgetConfiguration/NextTaskConfigurationWidgetIntent.swift,
				App/IxSystemIntegration.swift,
				Navigation/IxNavigator.swift,
				View/Components/ColorPicker.swift,
				View/Components/ColorSelector.swift,
				View/Components/Entities/Category/CategoryEditor.swift,
				View/Components/Entities/List/ListCard.swift,
				View/Components/Entities/List/ListEditor.swift,
				View/Components/Error/ErrorAlert.swift,
				View/Components/Error/ErrorStateService.swift,
				View/Components/Error/ShowErrorAction.swift,
				View/Components/Pro/PaywallModifier.swift,
				View/Components/Pro/PaywallStateService.swift,
				View/Components/Pro/PaywallView.swift,
				View/Components/Pro/ShowPaywallAction.swift,
				View/Components/Toast/ShowToastAction.swift,
				View/Components/Toast/ToastInfo.swift,
				View/Modifier/IfModifier.swift,
				View/Modifier/MeshGradientBackground.swift,
				View/Modifier/Style/CheckmarkToggleStyle.swift,
				View/Screens/Lists/QuickAddItemView.swift,
				View/State/EditorConfig.swift,
				View/State/EditorMode.swift,
			);
			target = 09F48F3A2D7E623D00CA50AC /* indexShareExtension */;
		};
		098A24972F3934B900A7B613 /* Exceptions for "IxIntentsExtension" folder in "IxIntentsExtension" target */ = {
			isa = PBXFileSystemSynchronizedBuildFileExceptionSet;
			membershipExceptions = (
				Info.plist,
			);
			target = 098A24742F3934B900A7B613 /* IxIntentsExtension */;
		};
		09A33B3C2F363292005DF50C /* Exceptions for "index" folder in "indexWidgetExtension" target */ = {
			isa = PBXFileSystemSynchronizedBuildFileExceptionSet;
			membershipExceptions = (
				App/Intents/CreateEntity/CreateItemIntent.swift,
				App/Intents/CreateEntity/CreateTaskIntent.swift,
				App/Intents/EdiEntity/EditItemIntent.swift,
				App/Intents/IxIntentError.swift,
				App/Intents/Models/Entities/IxListCategoryEntity.swift,
				App/Intents/Models/Entities/IxListEntity.swift,
				App/Intents/Models/Entities/IxListItemEntity.swift,
				App/Intents/Models/Entities/IxTaskEntity.swift,
				App/Intents/Models/Enum/IxColorEnum.swift,
				App/Intents/Models/Enum/NavigationOptionEnum.swift,
				App/Intents/Models/Enum/TaskPriority.swift,
				App/Intents/Models/Query/IxListCategoryEntityQuery.swift,
				App/Intents/Models/Query/IxListEntityQuery.swift,
				App/Intents/Models/Query/IxListItemEntityQuery.swift,
				App/Intents/Models/Query/IxTaskEntityQuery.swift,
				App/Intents/Navigation/NavigateIntent.swift,
				App/Intents/NonDiscoverable/CompleteItemByIdIntent.swift,
				App/Intents/NonDiscoverable/CompleteTaskByIdIntent.swift,
				App/Intents/OpenEntities/OpenListIntent.swift,
				App/Intents/Snippet/ItemSnippetIntent.swift,
				App/Intents/Snippet/TaskSnippetIntent.swift,
				App/Intents/WidgetConfiguration/ListConfigurationWidgetIntent.swift,
				App/Intents/WidgetConfiguration/NextTaskConfigurationWidgetIntent.swift,
				App/IxSystemIntegration.swift,
				Navigation/IxNavigator.swift,
				View/Components/Settings/AppIconProvider.swift,
				View/Modifier/IfModifier.swift,
				View/State/EditorConfig.swift,
				View/State/EditorMode.swift,
			);
			target = 092FE7C12D7F3C8200F38388 /* indexWidgetExtension */;
		};
		09EEC3EF2F393D6000B53FC6 /* Exceptions for "index" folder in "IxIntentsExtension" target */ = {
			isa = PBXFileSystemSynchronizedBuildFileExceptionSet;
			membershipExceptions = (
				App/Intents/CreateEntity/CreateItemIntent.swift,
				App/Intents/CreateEntity/CreateTaskIntent.swift,
				App/Intents/EdiEntity/EditItemIntent.swift,
				App/Intents/IxIntentError.swift,
				App/Intents/Models/Entities/IxListCategoryEntity.swift,
				App/Intents/Models/Entities/IxListEntity.swift,
				App/Intents/Models/Entities/IxListItemEntity.swift,
				App/Intents/Models/Entities/IxTaskEntity.swift,
				App/Intents/Models/Enum/IxColorEnum.swift,
				App/Intents/Models/Enum/NavigationOptionEnum.swift,
				App/Intents/Models/Enum/TaskPriority.swift,
				App/Intents/Models/Query/IxListCategoryEntityQuery.swift,
				App/Intents/Models/Query/IxListEntityQuery.swift,
				App/Intents/Models/Query/IxListItemEntityQuery.swift,
				App/Intents/Models/Query/IxTaskEntityQuery.swift,
				App/Intents/Navigation/NavigateIntent.swift,
				App/Intents/NonDiscoverable/CompleteItemByIdIntent.swift,
				App/Intents/NonDiscoverable/CompleteTaskByIdIntent.swift,
				App/Intents/OpenEntities/OpenListIntent.swift,
				App/Intents/Snippet/ItemSnippetIntent.swift,
				App/Intents/Snippet/TaskSnippetIntent.swift,
				App/Intents/WidgetConfiguration/ListConfigurationWidgetIntent.swift,
				App/Intents/WidgetConfiguration/NextTaskConfigurationWidgetIntent.swift,
				App/IxSystemIntegration.swift,
				Navigation/IxNavigator.swift,
			);
			target = 098A24742F3934B900A7B613 /* IxIntentsExtension */;
		};
		09F48F492D7E623D00CA50AC /* Exceptions for "indexShareExtension" folder in "indexShareExtension" target */ = {
			isa = PBXFileSystemSynchronizedBuildFileExceptionSet;
			membershipExceptions = (
				Info.plist,
			);
			target = 09F48F3A2D7E623D00CA50AC /* indexShareExtension */;
		};
/* End PBXFileSystemSynchronizedBuildFileExceptionSet section */

/* Begin PBXFileSystemSynchronizedRootGroup section */
		092FE7C72D7F3C8200F38388 /* indexWidget */ = {
			isa = PBXFileSystemSynchronizedRootGroup;
			exceptions = (
				096C02182F09E2C500425185 /* Exceptions for "indexWidget" folder in "index" target */,
				092FE7DB2D7F3C8300F38388 /* Exceptions for "indexWidget" folder in "indexWidgetExtension" target */,
			);
			path = indexWidget;
			sourceTree = "<group>";
		};
		093287DB2C9C811200A0717E /* index */ = {
			isa = PBXFileSystemSynchronizedRootGroup;
			exceptions = (
				0915C16D2CB80EC5003CF70B /* Exceptions for "index" folder in "index" target */,
				096C021C2F09E3C900425185 /* Exceptions for "index" folder in "indexShareExtension" target */,
				09A33B3C2F363292005DF50C /* Exceptions for "index" folder in "indexWidgetExtension" target */,
				09EEC3EF2F393D6000B53FC6 /* Exceptions for "index" folder in "IxIntentsExtension" target */,
			);
			path = index;
			sourceTree = "<group>";
		};
		098A24782F3934B900A7B613 /* IxIntentsExtension */ = {
			isa = PBXFileSystemSynchronizedRootGroup;
			exceptions = (
				098A24972F3934B900A7B613 /* Exceptions for "IxIntentsExtension" folder in "IxIntentsExtension" target */,
			);
			path = IxIntentsExtension;
			sourceTree = "<group>";
		};
		09F48F3C2D7E623D00CA50AC /* indexShareExtension */ = {
			isa = PBXFileSystemSynchronizedRootGroup;
			exceptions = (
				09F48F492D7E623D00CA50AC /* Exceptions for "indexShareExtension" folder in "indexShareExtension" target */,
			);
			path = indexShareExtension;
			sourceTree = "<group>";
		};
/* End PBXFileSystemSynchronizedRootGroup section */

/* Begin PBXFrameworksBuildPhase section */
		092FE7BF2D7F3C8200F38388 /* Frameworks */ = {
			isa = PBXFrameworksBuildPhase;
			buildActionMask = 2147483647;
			files = (
				09DA1F7D2F3BB76100F4EE9B /* DynamicColor in Frameworks */,
				09D911812DCB63770087D915 /* IxCoreKit in Frameworks */,
				092FE7C62D7F3C8200F38388 /* SwiftUI.framework in Frameworks */,
				092FE7C42D7F3C8200F38388 /* WidgetKit.framework in Frameworks */,
			);
			runOnlyForDeploymentPostprocessing = 0;
		};
		093287D62C9C811200A0717E /* Frameworks */ = {
			isa = PBXFrameworksBuildPhase;
			buildActionMask = 2147483647;
			files = (
				0992A7432D8A44BB00EF7B33 /* FirebaseMessaging in Frameworks */,
				099C0F3B2F09AE47003C546F /* MCEmojiPicker in Frameworks */,
				092FE7BD2D7F2BCC00F38388 /* Starscream in Frameworks */,
				0915C1692CB80DA1003CF70B /* GoogleSignIn in Frameworks */,
				0932EB3B2CEB6BBF00321EEE /* DynamicColor in Frameworks */,
				092F90AF2D7296A300760176 /* RevenueCat in Frameworks */,
				099C0F3D2F09AE47003C546F /* MCEmojiPickerJSON in Frameworks */,
				09841BFE2F1EA12C00D3E85E /* WindowOverlay in Frameworks */,
				090499B62DC52D9800E9AE3D /* IxCoreKit in Frameworks */,
				092F90B12D7296A300760176 /* RevenueCatUI in Frameworks */,
				0915C16B2CB80DA1003CF70B /* GoogleSignInSwift in Frameworks */,
				0992A7412D8A44B400EF7B33 /* FirebaseCore in Frameworks */,
			);
			runOnlyForDeploymentPostprocessing = 0;
		};
		098A24722F3934B900A7B613 /* Frameworks */ = {
			isa = PBXFrameworksBuildPhase;
			buildActionMask = 2147483647;
			files = (
				098A24772F3934B900A7B613 /* Intents.framework in Frameworks */,
				09CBAF5D2F393804009F1AD3 /* IxCoreKit in Frameworks */,
			);
			runOnlyForDeploymentPostprocessing = 0;
		};
		09F48F382D7E623D00CA50AC /* Frameworks */ = {
			isa = PBXFrameworksBuildPhase;
			buildActionMask = 2147483647;
			files = (
				096C02312F09E50A00425185 /* DynamicColor in Frameworks */,
				09DC44A72F1EE3D7003A7185 /* MCEmojiPicker in Frameworks */,
				096C022D2F09E4FA00425185 /* RevenueCat in Frameworks */,
				09D9117F2DCB63730087D915 /* IxCoreKit in Frameworks */,
				096C022F2F09E4FA00425185 /* RevenueCatUI in Frameworks */,
			);
			runOnlyForDeploymentPostprocessing = 0;
		};
/* End PBXFrameworksBuildPhase section */

/* Begin PBXGroup section */
		093287D02C9C811200A0717E = {
			isa = PBXGroup;
			children = (
				09B6252C2DBF8AE900E60C6E /* IxCoreKit */,
				093287DB2C9C811200A0717E /* index */,
				09F48F3C2D7E623D00CA50AC /* indexShareExtension */,
				092FE7C72D7F3C8200F38388 /* indexWidget */,
				098A24782F3934B900A7B613 /* IxIntentsExtension */,
				09DF7EFB2CEADAAE00D3BDFD /* Frameworks */,
				093287DA2C9C811200A0717E /* Products */,
			);
			sourceTree = "<group>";
		};
		093287DA2C9C811200A0717E /* Products */ = {
			isa = PBXGroup;
			children = (
				093287D92C9C811200A0717E /* index.app */,
				09F48F3B2D7E623D00CA50AC /* indexShareExtension.appex */,
				092FE7C22D7F3C8200F38388 /* indexWidgetExtension.appex */,
				098A24752F3934B900A7B613 /* IxIntentsExtension.appex */,
			);
			name = Products;
			sourceTree = "<group>";
		};
		09DF7EFB2CEADAAE00D3BDFD /* Frameworks */ = {
			isa = PBXGroup;
			children = (
				092FE7C32D7F3C8200F38388 /* WidgetKit.framework */,
				092FE7C52D7F3C8200F38388 /* SwiftUI.framework */,
				098A24762F3934B900A7B613 /* Intents.framework */,
				098A24812F3934B900A7B613 /* IntentsUI.framework */,
			);
			name = Frameworks;
			sourceTree = "<group>";
		};
/* End PBXGroup section */

/* Begin PBXNativeTarget section */
		092FE7C12D7F3C8200F38388 /* indexWidgetExtension */ = {
			isa = PBXNativeTarget;
			buildConfigurationList = 092FE7D82D7F3C8300F38388 /* Build configuration list for PBXNativeTarget "indexWidgetExtension" */;
			buildPhases = (
				092FE7BE2D7F3C8200F38388 /* Sources */,
				092FE7BF2D7F3C8200F38388 /* Frameworks */,
				092FE7C02D7F3C8200F38388 /* Resources */,
			);
			buildRules = (
			);
			dependencies = (
			);
			fileSystemSynchronizedGroups = (
				092FE7C72D7F3C8200F38388 /* indexWidget */,
			);
			name = indexWidgetExtension;
			packageProductDependencies = (
				09D911802DCB63770087D915 /* IxCoreKit */,
				09DA1F7C2F3BB76100F4EE9B /* DynamicColor */,
			);
			productName = indexWidgetExtension;
			productReference = 092FE7C22D7F3C8200F38388 /* indexWidgetExtension.appex */;
			productType = "com.apple.product-type.app-extension";
		};
		093287D82C9C811200A0717E /* index */ = {
			isa = PBXNativeTarget;
			buildConfigurationList = 093288002C9C811300A0717E /* Build configuration list for PBXNativeTarget "index" */;
			buildPhases = (
				093287D52C9C811200A0717E /* Sources */,
				093287D62C9C811200A0717E /* Frameworks */,
				093287D72C9C811200A0717E /* Resources */,
				09600C492D7E5504002B9CFA /* Embed Foundation Extensions */,
			);
			buildRules = (
			);
			dependencies = (
				09572AB72D7E90ED00333F3C /* PBXTargetDependency */,
				092FE7D62D7F3C8300F38388 /* PBXTargetDependency */,
				098A248E2F3934B900A7B613 /* PBXTargetDependency */,
			);
			fileSystemSynchronizedGroups = (
				093287DB2C9C811200A0717E /* index */,
			);
			name = index;
			packageProductDependencies = (
				0915C1682CB80DA1003CF70B /* GoogleSignIn */,
				0915C16A2CB80DA1003CF70B /* GoogleSignInSwift */,
				0932EB3A2CEB6BBF00321EEE /* DynamicColor */,
				092F90AE2D7296A300760176 /* RevenueCat */,
				092F90B02D7296A300760176 /* RevenueCatUI */,
				092FE7BC2D7F2BCC00F38388 /* Starscream */,
				0992A7402D8A44B400EF7B33 /* FirebaseCore */,
				0992A7422D8A44BB00EF7B33 /* FirebaseMessaging */,
				090499B52DC52D9800E9AE3D /* IxCoreKit */,
				099C0F3A2F09AE47003C546F /* MCEmojiPicker */,
				099C0F3C2F09AE47003C546F /* MCEmojiPickerJSON */,
				09841BFD2F1EA12C00D3E85E /* WindowOverlay */,
			);
			productName = index;
			productReference = 093287D92C9C811200A0717E /* index.app */;
			productType = "com.apple.product-type.application";
		};
		098A24742F3934B900A7B613 /* IxIntentsExtension */ = {
			isa = PBXNativeTarget;
			buildConfigurationList = 098A24962F3934B900A7B613 /* Build configuration list for PBXNativeTarget "IxIntentsExtension" */;
			buildPhases = (
				098A24712F3934B900A7B613 /* Sources */,
				098A24722F3934B900A7B613 /* Frameworks */,
				098A24732F3934B900A7B613 /* Resources */,
			);
			buildRules = (
			);
			dependencies = (
			);
			fileSystemSynchronizedGroups = (
				098A24782F3934B900A7B613 /* IxIntentsExtension */,
			);
			name = IxIntentsExtension;
			packageProductDependencies = (
				09CBAF5C2F393804009F1AD3 /* IxCoreKit */,
			);
			productName = IxIntentsExtension;
			productReference = 098A24752F3934B900A7B613 /* IxIntentsExtension.appex */;
			productType = "com.apple.product-type.app-extension";
		};
		09F48F3A2D7E623D00CA50AC /* indexShareExtension */ = {
			isa = PBXNativeTarget;
			buildConfigurationList = 09F48F482D7E623D00CA50AC /* Build configuration list for PBXNativeTarget "indexShareExtension" */;
			buildPhases = (
				09F48F372D7E623D00CA50AC /* Sources */,
				09F48F382D7E623D00CA50AC /* Frameworks */,
				09F48F392D7E623D00CA50AC /* Resources */,
			);
			buildRules = (
			);
			dependencies = (
			);
			fileSystemSynchronizedGroups = (
				09F48F3C2D7E623D00CA50AC /* indexShareExtension */,
			);
			name = indexShareExtension;
			packageProductDependencies = (
				09D9117E2DCB63730087D915 /* IxCoreKit */,
				096C022C2F09E4FA00425185 /* RevenueCat */,
				096C022E2F09E4FA00425185 /* RevenueCatUI */,
				096C02302F09E50A00425185 /* DynamicColor */,
				09DC44A62F1EE3D7003A7185 /* MCEmojiPicker */,
			);
			productName = indexShareExtension;
			productReference = 09F48F3B2D7E623D00CA50AC /* indexShareExtension.appex */;
			productType = "com.apple.product-type.app-extension";
		};
/* End PBXNativeTarget section */

/* Begin PBXProject section */
		093287D12C9C811200A0717E /* Project object */ = {
			isa = PBXProject;
			attributes = {
				BuildIndependentTargetsInParallel = 1;
				LastSwiftUpdateCheck = 2620;
				LastUpgradeCheck = 2620;
				TargetAttributes = {
					092FE7C12D7F3C8200F38388 = {
						CreatedOnToolsVersion = 16.2;
					};
					093287D82C9C811200A0717E = {
						CreatedOnToolsVersion = 16.0;
					};
					098A24742F3934B900A7B613 = {
						CreatedOnToolsVersion = 26.2;
					};
					09F48F3A2D7E623D00CA50AC = {
						CreatedOnToolsVersion = 16.2;
					};
				};
			};
			buildConfigurationList = 093287D42C9C811200A0717E /* Build configuration list for PBXProject "index" */;
			developmentRegion = en;
			hasScannedForEncodings = 0;
			knownRegions = (
				en,
				Base,
			);
			mainGroup = 093287D02C9C811200A0717E;
			minimizedProjectReferenceProxies = 1;
			packageReferences = (
				0915C1672CB80DA1003CF70B /* XCRemoteSwiftPackageReference "GoogleSignIn-iOS" */,
				0932EB392CEB6BBF00321EEE /* XCRemoteSwiftPackageReference "DynamicColor" */,
				092F90AD2D7296A300760176 /* XCRemoteSwiftPackageReference "purchases-ios-spm" */,
				092FE7BB2D7F2AF600F38388 /* XCRemoteSwiftPackageReference "Starscream" */,
				0992A5C72D8A3A3400EF7B33 /* XCRemoteSwiftPackageReference "firebase-ios-sdk" */,
				099C0F392F09AE47003C546F /* XCRemoteSwiftPackageReference "MCEmojiPicker" */,
				09841BFC2F1EA12C00D3E85E /* XCRemoteSwiftPackageReference "swiftui-window-overlay" */,
			);
			preferredProjectObjectVersion = 77;
			productRefGroup = 093287DA2C9C811200A0717E /* Products */;
			projectDirPath = "";
			projectRoot = "";
			targets = (
				093287D82C9C811200A0717E /* index */,
				09F48F3A2D7E623D00CA50AC /* indexShareExtension */,
				092FE7C12D7F3C8200F38388 /* indexWidgetExtension */,
				098A24742F3934B900A7B613 /* IxIntentsExtension */,
			);
		};
/* End PBXProject section */

/* Begin PBXResourcesBuildPhase section */
		092FE7C02D7F3C8200F38388 /* Resources */ = {
			isa = PBXResourcesBuildPhase;
			buildActionMask = 2147483647;
			files = (
			);
			runOnlyForDeploymentPostprocessing = 0;
		};
		093287D72C9C811200A0717E /* Resources */ = {
			isa = PBXResourcesBuildPhase;
			buildActionMask = 2147483647;
			files = (
			);
			runOnlyForDeploymentPostprocessing = 0;
		};
		098A24732F3934B900A7B613 /* Resources */ = {
			isa = PBXResourcesBuildPhase;
			buildActionMask = 2147483647;
			files = (
			);
			runOnlyForDeploymentPostprocessing = 0;
		};
		09F48F392D7E623D00CA50AC /* Resources */ = {
			isa = PBXResourcesBuildPhase;
			buildActionMask = 2147483647;
			files = (
			);
			runOnlyForDeploymentPostprocessing = 0;
		};
/* End PBXResourcesBuildPhase section */

/* Begin PBXSourcesBuildPhase section */
		092FE7BE2D7F3C8200F38388 /* Sources */ = {
			isa = PBXSourcesBuildPhase;
			buildActionMask = 2147483647;
			files = (
			);
			runOnlyForDeploymentPostprocessing = 0;
		};
		093287D52C9C811200A0717E /* Sources */ = {
			isa = PBXSourcesBuildPhase;
			buildActionMask = 2147483647;
			files = (
			);
			runOnlyForDeploymentPostprocessing = 0;
		};
		098A24712F3934B900A7B613 /* Sources */ = {
			isa = PBXSourcesBuildPhase;
			buildActionMask = 2147483647;
			files = (
			);
			runOnlyForDeploymentPostprocessing = 0;
		};
		09F48F372D7E623D00CA50AC /* Sources */ = {
			isa = PBXSourcesBuildPhase;
			buildActionMask = 2147483647;
			files = (
			);
			runOnlyForDeploymentPostprocessing = 0;
		};
/* End PBXSourcesBuildPhase section */

/* Begin PBXTargetDependency section */
		092FE7D62D7F3C8300F38388 /* PBXTargetDependency */ = {
			isa = PBXTargetDependency;
			target = 092FE7C12D7F3C8200F38388 /* indexWidgetExtension */;
			targetProxy = 092FE7D52D7F3C8300F38388 /* PBXContainerItemProxy */;
		};
		09572AB72D7E90ED00333F3C /* PBXTargetDependency */ = {
			isa = PBXTargetDependency;
			target = 09F48F3A2D7E623D00CA50AC /* indexShareExtension */;
			targetProxy = 09572AB62D7E90ED00333F3C /* PBXContainerItemProxy */;
		};
		098A248E2F3934B900A7B613 /* PBXTargetDependency */ = {
			isa = PBXTargetDependency;
			target = 098A24742F3934B900A7B613 /* IxIntentsExtension */;
			targetProxy = 098A248D2F3934B900A7B613 /* PBXContainerItemProxy */;
		};
/* End PBXTargetDependency section */

/* Begin XCBuildConfiguration section */
		092FE7D92D7F3C8300F38388 /* Debug */ = {
			isa = XCBuildConfiguration;
			buildSettings = {
				ASSETCATALOG_COMPILER_GLOBAL_ACCENT_COLOR_NAME = AccentColor;
				ASSETCATALOG_COMPILER_WIDGET_BACKGROUND_COLOR_NAME = WidgetBackground;
				CODE_SIGN_ENTITLEMENTS = indexWidget/indexWidgetExtension.entitlements;
				CODE_SIGN_STYLE = Automatic;
				CURRENT_PROJECT_VERSION = 9;
				GENERATE_INFOPLIST_FILE = YES;
				INFOPLIST_FILE = indexWidget/Info.plist;
				INFOPLIST_KEY_CFBundleDisplayName = indexWidget;
				INFOPLIST_KEY_NSHumanReadableCopyright = "";
				IPHONEOS_DEPLOYMENT_TARGET = 26.0;
				LD_RUNPATH_SEARCH_PATHS = (
					"$(inherited)",
					"@executable_path/Frameworks",
					"@executable_path/../../Frameworks",
				);
				MARKETING_VERSION = 1.0.8;
				PRODUCT_BUNDLE_IDENTIFIER = "app.index-it.index.indexWidget";
				PRODUCT_NAME = "$(TARGET_NAME)";
				SDKROOT = iphoneos;
				SKIP_INSTALL = YES;
				SWIFT_EMIT_LOC_STRINGS = YES;
				SWIFT_VERSION = 5.0;
				TARGETED_DEVICE_FAMILY = "1,2";
			};
			name = Debug;
		};
		092FE7DA2D7F3C8300F38388 /* Release */ = {
			isa = XCBuildConfiguration;
			buildSettings = {
				ASSETCATALOG_COMPILER_GLOBAL_ACCENT_COLOR_NAME = AccentColor;
				ASSETCATALOG_COMPILER_WIDGET_BACKGROUND_COLOR_NAME = WidgetBackground;
				CODE_SIGN_ENTITLEMENTS = indexWidget/indexWidgetExtension.entitlements;
				CODE_SIGN_STYLE = Automatic;
				CURRENT_PROJECT_VERSION = 9;
				GENERATE_INFOPLIST_FILE = YES;
				INFOPLIST_FILE = indexWidget/Info.plist;
				INFOPLIST_KEY_CFBundleDisplayName = indexWidget;
				INFOPLIST_KEY_NSHumanReadableCopyright = "";
				IPHONEOS_DEPLOYMENT_TARGET = 26.0;
				LD_RUNPATH_SEARCH_PATHS = (
					"$(inherited)",
					"@executable_path/Frameworks",
					"@executable_path/../../Frameworks",
				);
				MARKETING_VERSION = 1.0.8;
				PRODUCT_BUNDLE_IDENTIFIER = "app.index-it.index.indexWidget";
				PRODUCT_NAME = "$(TARGET_NAME)";
				SDKROOT = iphoneos;
				SKIP_INSTALL = YES;
				SWIFT_EMIT_LOC_STRINGS = YES;
				SWIFT_VERSION = 5.0;
				TARGETED_DEVICE_FAMILY = "1,2";
				VALIDATE_PRODUCT = YES;
			};
			name = Release;
		};
		093287FE2C9C811300A0717E /* Debug */ = {
			isa = XCBuildConfiguration;
			buildSettings = {
				ALWAYS_SEARCH_USER_PATHS = NO;
				ASSETCATALOG_COMPILER_GENERATE_SWIFT_ASSET_SYMBOL_EXTENSIONS = YES;
				CLANG_ANALYZER_NONNULL = YES;
				CLANG_ANALYZER_NUMBER_OBJECT_CONVERSION = YES_AGGRESSIVE;
				CLANG_CXX_LANGUAGE_STANDARD = "gnu++20";
				CLANG_ENABLE_MODULES = YES;
				CLANG_ENABLE_OBJC_ARC = YES;
				CLANG_ENABLE_OBJC_WEAK = YES;
				CLANG_WARN_BLOCK_CAPTURE_AUTORELEASING = YES;
				CLANG_WARN_BOOL_CONVERSION = YES;
				CLANG_WARN_COMMA = YES;
				CLANG_WARN_CONSTANT_CONVERSION = YES;
				CLANG_WARN_DEPRECATED_OBJC_IMPLEMENTATIONS = YES;
				CLANG_WARN_DIRECT_OBJC_ISA_USAGE = YES_ERROR;
				CLANG_WARN_DOCUMENTATION_COMMENTS = YES;
				CLANG_WARN_EMPTY_BODY = YES;
				CLANG_WARN_ENUM_CONVERSION = YES;
				CLANG_WARN_INFINITE_RECURSION = YES;
				CLANG_WARN_INT_CONVERSION = YES;
				CLANG_WARN_NON_LITERAL_NULL_CONVERSION = YES;
				CLANG_WARN_OBJC_IMPLICIT_RETAIN_SELF = YES;
				CLANG_WARN_OBJC_LITERAL_CONVERSION = YES;
				CLANG_WARN_OBJC_ROOT_CLASS = YES_ERROR;
				CLANG_WARN_QUOTED_INCLUDE_IN_FRAMEWORK_HEADER = YES;
				CLANG_WARN_RANGE_LOOP_ANALYSIS = YES;
				CLANG_WARN_STRICT_PROTOTYPES = YES;
				CLANG_WARN_SUSPICIOUS_MOVE = YES;
				CLANG_WARN_UNGUARDED_AVAILABILITY = YES_AGGRESSIVE;
				CLANG_WARN_UNREACHABLE_CODE = YES;
				CLANG_WARN__DUPLICATE_METHOD_MATCH = YES;
				COPY_PHASE_STRIP = NO;
				DEAD_CODE_STRIPPING = YES;
				DEBUG_INFORMATION_FORMAT = dwarf;
				DEVELOPMENT_TEAM = 79VJQ9DB34;
				ENABLE_STRICT_OBJC_MSGSEND = YES;
				ENABLE_TESTABILITY = YES;
				ENABLE_USER_SCRIPT_SANDBOXING = YES;
				GCC_C_LANGUAGE_STANDARD = gnu17;
				GCC_DYNAMIC_NO_PIC = NO;
				GCC_NO_COMMON_BLOCKS = YES;
				GCC_OPTIMIZATION_LEVEL = 0;
				GCC_PREPROCESSOR_DEFINITIONS = (
					"DEBUG=1",
					"$(inherited)",
				);
				GCC_WARN_64_TO_32_BIT_CONVERSION = YES;
				GCC_WARN_ABOUT_RETURN_TYPE = YES_ERROR;
				GCC_WARN_UNDECLARED_SELECTOR = YES;
				GCC_WARN_UNINITIALIZED_AUTOS = YES_AGGRESSIVE;
				GCC_WARN_UNUSED_FUNCTION = YES;
				GCC_WARN_UNUSED_VARIABLE = YES;
				LOCALIZATION_PREFERS_STRING_CATALOGS = YES;
				MTL_ENABLE_DEBUG_INFO = INCLUDE_SOURCE;
				MTL_FAST_MATH = YES;
				ONLY_ACTIVE_ARCH = YES;
				STRING_CATALOG_GENERATE_SYMBOLS = YES;
				SWIFT_ACTIVE_COMPILATION_CONDITIONS = "DEBUG $(inherited)";
				SWIFT_EMIT_LOC_STRINGS = YES;
				SWIFT_OPTIMIZATION_LEVEL = "-Onone";
			};
			name = Debug;
		};
		093287FF2C9C811300A0717E /* Release */ = {
			isa = XCBuildConfiguration;
			buildSettings = {
				ALWAYS_SEARCH_USER_PATHS = NO;
				ASSETCATALOG_COMPILER_GENERATE_SWIFT_ASSET_SYMBOL_EXTENSIONS = YES;
				CLANG_ANALYZER_NONNULL = YES;
				CLANG_ANALYZER_NUMBER_OBJECT_CONVERSION = YES_AGGRESSIVE;
				CLANG_CXX_LANGUAGE_STANDARD = "gnu++20";
				CLANG_ENABLE_MODULES = YES;
				CLANG_ENABLE_OBJC_ARC = YES;
				CLANG_ENABLE_OBJC_WEAK = YES;
				CLANG_WARN_BLOCK_CAPTURE_AUTORELEASING = YES;
				CLANG_WARN_BOOL_CONVERSION = YES;
				CLANG_WARN_COMMA = YES;
				CLANG_WARN_CONSTANT_CONVERSION = YES;
				CLANG_WARN_DEPRECATED_OBJC_IMPLEMENTATIONS = YES;
				CLANG_WARN_DIRECT_OBJC_ISA_USAGE = YES_ERROR;
				CLANG_WARN_DOCUMENTATION_COMMENTS = YES;
				CLANG_WARN_EMPTY_BODY = YES;
				CLANG_WARN_ENUM_CONVERSION = YES;
				CLANG_WARN_INFINITE_RECURSION = YES;
				CLANG_WARN_INT_CONVERSION = YES;
				CLANG_WARN_NON_LITERAL_NULL_CONVERSION = YES;
				CLANG_WARN_OBJC_IMPLICIT_RETAIN_SELF = YES;
				CLANG_WARN_OBJC_LITERAL_CONVERSION = YES;
				CLANG_WARN_OBJC_ROOT_CLASS = YES_ERROR;
				CLANG_WARN_QUOTED_INCLUDE_IN_FRAMEWORK_HEADER = YES;
				CLANG_WARN_RANGE_LOOP_ANALYSIS = YES;
				CLANG_WARN_STRICT_PROTOTYPES = YES;
				CLANG_WARN_SUSPICIOUS_MOVE = YES;
				CLANG_WARN_UNGUARDED_AVAILABILITY = YES_AGGRESSIVE;
				CLANG_WARN_UNREACHABLE_CODE = YES;
				CLANG_WARN__DUPLICATE_METHOD_MATCH = YES;
				COPY_PHASE_STRIP = NO;
				DEAD_CODE_STRIPPING = YES;
				DEBUG_INFORMATION_FORMAT = "dwarf-with-dsym";
				DEVELOPMENT_TEAM = 79VJQ9DB34;
				ENABLE_NS_ASSERTIONS = NO;
				ENABLE_STRICT_OBJC_MSGSEND = YES;
				ENABLE_USER_SCRIPT_SANDBOXING = YES;
				GCC_C_LANGUAGE_STANDARD = gnu17;
				GCC_NO_COMMON_BLOCKS = YES;
				GCC_WARN_64_TO_32_BIT_CONVERSION = YES;
				GCC_WARN_ABOUT_RETURN_TYPE = YES_ERROR;
				GCC_WARN_UNDECLARED_SELECTOR = YES;
				GCC_WARN_UNINITIALIZED_AUTOS = YES_AGGRESSIVE;
				GCC_WARN_UNUSED_FUNCTION = YES;
				GCC_WARN_UNUSED_VARIABLE = YES;
				LOCALIZATION_PREFERS_STRING_CATALOGS = YES;
				MTL_ENABLE_DEBUG_INFO = NO;
				MTL_FAST_MATH = YES;
				STRING_CATALOG_GENERATE_SYMBOLS = YES;
				SWIFT_COMPILATION_MODE = wholemodule;
				SWIFT_EMIT_LOC_STRINGS = YES;
			};
			name = Release;
		};
		093288012C9C811300A0717E /* Debug */ = {
			isa = XCBuildConfiguration;
			buildSettings = {
				ASSETCATALOG_COMPILER_APPICON_NAME = AppIcon;
				ASSETCATALOG_COMPILER_GLOBAL_ACCENT_COLOR_NAME = AccentColor;
				CODE_SIGN_ENTITLEMENTS = index/index.entitlements;
				CODE_SIGN_STYLE = Automatic;
				CURRENT_PROJECT_VERSION = 9;
				DEAD_CODE_STRIPPING = YES;
				ENABLE_APP_SANDBOX = YES;
				ENABLE_PREVIEWS = YES;
				ENABLE_USER_SELECTED_FILES = readonly;
				GENERATE_INFOPLIST_FILE = YES;
				INFOPLIST_FILE = index/Info.plist;
				INFOPLIST_KEY_CFBundleDisplayName = Index;
				INFOPLIST_KEY_LSApplicationCategoryType = "public.app-category.productivity";
				INFOPLIST_KEY_NSSiriUsageDescription = "Create tasks and add items to your lists with Siri.";
				"INFOPLIST_KEY_UIApplicationSceneManifest_Generation[sdk=iphoneos*]" = YES;
				"INFOPLIST_KEY_UIApplicationSceneManifest_Generation[sdk=iphonesimulator*]" = YES;
				"INFOPLIST_KEY_UIApplicationSupportsIndirectInputEvents[sdk=iphoneos*]" = YES;
				"INFOPLIST_KEY_UIApplicationSupportsIndirectInputEvents[sdk=iphonesimulator*]" = YES;
				"INFOPLIST_KEY_UILaunchScreen_Generation[sdk=iphoneos*]" = YES;
				"INFOPLIST_KEY_UILaunchScreen_Generation[sdk=iphonesimulator*]" = YES;
				"INFOPLIST_KEY_UIStatusBarStyle[sdk=iphoneos*]" = UIStatusBarStyleDefault;
				"INFOPLIST_KEY_UIStatusBarStyle[sdk=iphonesimulator*]" = UIStatusBarStyleDefault;
				INFOPLIST_KEY_UISupportedInterfaceOrientations_iPad = "UIInterfaceOrientationPortrait UIInterfaceOrientationPortraitUpsideDown UIInterfaceOrientationLandscapeLeft UIInterfaceOrientationLandscapeRight";
				INFOPLIST_KEY_UISupportedInterfaceOrientations_iPhone = UIInterfaceOrientationPortrait;
				IPHONEOS_DEPLOYMENT_TARGET = 26.0;
				LD_RUNPATH_SEARCH_PATHS = "@executable_path/Frameworks";
				"LD_RUNPATH_SEARCH_PATHS[sdk=macosx*]" = "@executable_path/../Frameworks";
				MACOSX_DEPLOYMENT_TARGET = 14.0;
				MARKETING_VERSION = 1.0.8;
				PRODUCT_BUNDLE_IDENTIFIER = "app.index-it.index";
				PRODUCT_NAME = "$(TARGET_NAME)";
				SDKROOT = auto;
				SUPPORTED_PLATFORMS = "iphoneos iphonesimulator";
				SUPPORTS_MACCATALYST = NO;
				SWIFT_EMIT_LOC_STRINGS = YES;
				SWIFT_VERSION = 5.0;
				TARGETED_DEVICE_FAMILY = 1;
				XROS_DEPLOYMENT_TARGET = 2.0;
			};
			name = Debug;
		};
		093288022C9C811300A0717E /* Release */ = {
			isa = XCBuildConfiguration;
			buildSettings = {
				ASSETCATALOG_COMPILER_APPICON_NAME = AppIcon;
				ASSETCATALOG_COMPILER_GLOBAL_ACCENT_COLOR_NAME = AccentColor;
				CODE_SIGN_ENTITLEMENTS = index/index.entitlements;
				CODE_SIGN_STYLE = Automatic;
				CURRENT_PROJECT_VERSION = 9;
				DEAD_CODE_STRIPPING = YES;
				ENABLE_APP_SANDBOX = YES;
				ENABLE_PREVIEWS = YES;
				ENABLE_USER_SELECTED_FILES = readonly;
				GENERATE_INFOPLIST_FILE = YES;
				INFOPLIST_FILE = index/Info.plist;
				INFOPLIST_KEY_CFBundleDisplayName = Index;
				INFOPLIST_KEY_LSApplicationCategoryType = "public.app-category.productivity";
				INFOPLIST_KEY_NSSiriUsageDescription = "Create tasks and add items to your lists with Siri.";
				"INFOPLIST_KEY_UIApplicationSceneManifest_Generation[sdk=iphoneos*]" = YES;
				"INFOPLIST_KEY_UIApplicationSceneManifest_Generation[sdk=iphonesimulator*]" = YES;
				"INFOPLIST_KEY_UIApplicationSupportsIndirectInputEvents[sdk=iphoneos*]" = YES;
				"INFOPLIST_KEY_UIApplicationSupportsIndirectInputEvents[sdk=iphonesimulator*]" = YES;
				"INFOPLIST_KEY_UILaunchScreen_Generation[sdk=iphoneos*]" = YES;
				"INFOPLIST_KEY_UILaunchScreen_Generation[sdk=iphonesimulator*]" = YES;
				"INFOPLIST_KEY_UIStatusBarStyle[sdk=iphoneos*]" = UIStatusBarStyleDefault;
				"INFOPLIST_KEY_UIStatusBarStyle[sdk=iphonesimulator*]" = UIStatusBarStyleDefault;
				INFOPLIST_KEY_UISupportedInterfaceOrientations_iPad = "UIInterfaceOrientationPortrait UIInterfaceOrientationPortraitUpsideDown UIInterfaceOrientationLandscapeLeft UIInterfaceOrientationLandscapeRight";
				INFOPLIST_KEY_UISupportedInterfaceOrientations_iPhone = UIInterfaceOrientationPortrait;
				IPHONEOS_DEPLOYMENT_TARGET = 26.0;
				LD_RUNPATH_SEARCH_PATHS = "@executable_path/Frameworks";
				"LD_RUNPATH_SEARCH_PATHS[sdk=macosx*]" = "@executable_path/../Frameworks";
				MACOSX_DEPLOYMENT_TARGET = 14.0;
				MARKETING_VERSION = 1.0.8;
				PRODUCT_BUNDLE_IDENTIFIER = "app.index-it.index";
				PRODUCT_NAME = "$(TARGET_NAME)";
				SDKROOT = auto;
				SUPPORTED_PLATFORMS = "iphoneos iphonesimulator";
				SUPPORTS_MACCATALYST = NO;
				SWIFT_EMIT_LOC_STRINGS = YES;
				SWIFT_VERSION = 5.0;
				TARGETED_DEVICE_FAMILY = 1;
				XROS_DEPLOYMENT_TARGET = 2.0;
			};
			name = Release;
		};
		098A24902F3934B900A7B613 /* Debug */ = {
			isa = XCBuildConfiguration;
			buildSettings = {
				CODE_SIGN_ENTITLEMENTS = IxIntentsExtension/IxIntentsExtensionDebug.entitlements;
				CODE_SIGN_STYLE = Automatic;
				CURRENT_PROJECT_VERSION = 9;
				GENERATE_INFOPLIST_FILE = YES;
				INFOPLIST_FILE = IxIntentsExtension/Info.plist;
				INFOPLIST_KEY_CFBundleDisplayName = IxIntentsExtension;
				INFOPLIST_KEY_NSHumanReadableCopyright = "";
				IPHONEOS_DEPLOYMENT_TARGET = 26.2;
				LD_RUNPATH_SEARCH_PATHS = (
					"$(inherited)",
					"@executable_path/Frameworks",
					"@executable_path/../../Frameworks",
				);
				MARKETING_VERSION = 1.0.8;
				PRODUCT_BUNDLE_IDENTIFIER = "app.index-it.index.IxIntentsExtension";
				PRODUCT_NAME = "$(TARGET_NAME)";
				SDKROOT = iphoneos;
				SKIP_INSTALL = YES;
				STRING_CATALOG_GENERATE_SYMBOLS = YES;
				SWIFT_APPROACHABLE_CONCURRENCY = YES;
				SWIFT_EMIT_LOC_STRINGS = YES;
				SWIFT_UPCOMING_FEATURE_MEMBER_IMPORT_VISIBILITY = YES;
				SWIFT_VERSION = 5.0;
				TARGETED_DEVICE_FAMILY = "1,2";
			};
			name = Debug;
		};
		098A24912F3934B900A7B613 /* Release */ = {
			isa = XCBuildConfiguration;
			buildSettings = {
				CODE_SIGN_ENTITLEMENTS = IxIntentsExtension/IxIntentsExtension.entitlements;
				CODE_SIGN_STYLE = Automatic;
				CURRENT_PROJECT_VERSION = 9;
				GENERATE_INFOPLIST_FILE = YES;
				INFOPLIST_FILE = IxIntentsExtension/Info.plist;
				INFOPLIST_KEY_CFBundleDisplayName = IxIntentsExtension;
				INFOPLIST_KEY_NSHumanReadableCopyright = "";
				IPHONEOS_DEPLOYMENT_TARGET = 26.2;
				LD_RUNPATH_SEARCH_PATHS = (
					"$(inherited)",
					"@executable_path/Frameworks",
					"@executable_path/../../Frameworks",
				);
				MARKETING_VERSION = 1.0.8;
				PRODUCT_BUNDLE_IDENTIFIER = "app.index-it.index.IxIntentsExtension";
				PRODUCT_NAME = "$(TARGET_NAME)";
				SDKROOT = iphoneos;
				SKIP_INSTALL = YES;
				STRING_CATALOG_GENERATE_SYMBOLS = YES;
				SWIFT_APPROACHABLE_CONCURRENCY = YES;
				SWIFT_EMIT_LOC_STRINGS = YES;
				SWIFT_UPCOMING_FEATURE_MEMBER_IMPORT_VISIBILITY = YES;
				SWIFT_VERSION = 5.0;
				TARGETED_DEVICE_FAMILY = "1,2";
				VALIDATE_PRODUCT = YES;
			};
			name = Release;
		};
		09F48F462D7E623D00CA50AC /* Debug */ = {
			isa = XCBuildConfiguration;
			buildSettings = {
				CODE_SIGN_ENTITLEMENTS = indexShareExtension/indexShareExtension.entitlements;
				CODE_SIGN_STYLE = Automatic;
				CURRENT_PROJECT_VERSION = 9;
				GENERATE_INFOPLIST_FILE = YES;
				INFOPLIST_FILE = indexShareExtension/Info.plist;
				INFOPLIST_KEY_CFBundleDisplayName = indexShareExtension;
				INFOPLIST_KEY_NSHumanReadableCopyright = "";
				IPHONEOS_DEPLOYMENT_TARGET = 26.0;
				LD_RUNPATH_SEARCH_PATHS = (
					"$(inherited)",
					"@executable_path/Frameworks",
					"@executable_path/../../Frameworks",
				);
				MARKETING_VERSION = 1.0.8;
				PRODUCT_BUNDLE_IDENTIFIER = "app.index-it.index.indexShareExtension";
				PRODUCT_NAME = "$(TARGET_NAME)";
				SDKROOT = iphoneos;
				SKIP_INSTALL = YES;
				SWIFT_EMIT_LOC_STRINGS = YES;
				SWIFT_VERSION = 5.0;
				TARGETED_DEVICE_FAMILY = "1,2";
			};
			name = Debug;
		};
		09F48F472D7E623D00CA50AC /* Release */ = {
			isa = XCBuildConfiguration;
			buildSettings = {
				CODE_SIGN_ENTITLEMENTS = indexShareExtension/indexShareExtension.entitlements;
				CODE_SIGN_STYLE = Automatic;
				CURRENT_PROJECT_VERSION = 9;
				GENERATE_INFOPLIST_FILE = YES;
				INFOPLIST_FILE = indexShareExtension/Info.plist;
				INFOPLIST_KEY_CFBundleDisplayName = indexShareExtension;
				INFOPLIST_KEY_NSHumanReadableCopyright = "";
				IPHONEOS_DEPLOYMENT_TARGET = 26.0;
				LD_RUNPATH_SEARCH_PATHS = (
					"$(inherited)",
					"@executable_path/Frameworks",
					"@executable_path/../../Frameworks",
				);
				MARKETING_VERSION = 1.0.8;
				PRODUCT_BUNDLE_IDENTIFIER = "app.index-it.index.indexShareExtension";
				PRODUCT_NAME = "$(TARGET_NAME)";
				SDKROOT = iphoneos;
				SKIP_INSTALL = YES;
				SWIFT_EMIT_LOC_STRINGS = YES;
				SWIFT_VERSION = 5.0;
				TARGETED_DEVICE_FAMILY = "1,2";
				VALIDATE_PRODUCT = YES;
			};
			name = Release;
		};
/* End XCBuildConfiguration section */

/* Begin XCConfigurationList section */
		092FE7D82D7F3C8300F38388 /* Build configuration list for PBXNativeTarget "indexWidgetExtension" */ = {
			isa = XCConfigurationList;
			buildConfigurations = (
				092FE7D92D7F3C8300F38388 /* Debug */,
				092FE7DA2D7F3C8300F38388 /* Release */,
			);
			defaultConfigurationIsVisible = 0;
			defaultConfigurationName = Release;
		};
		093287D42C9C811200A0717E /* Build configuration list for PBXProject "index" */ = {
			isa = XCConfigurationList;
			buildConfigurations = (
				093287FE2C9C811300A0717E /* Debug */,
				093287FF2C9C811300A0717E /* Release */,
			);
			defaultConfigurationIsVisible = 0;
			defaultConfigurationName = Release;
		};
		093288002C9C811300A0717E /* Build configuration list for PBXNativeTarget "index" */ = {
			isa = XCConfigurationList;
			buildConfigurations = (
				093288012C9C811300A0717E /* Debug */,
				093288022C9C811300A0717E /* Release */,
			);
			defaultConfigurationIsVisible = 0;
			defaultConfigurationName = Release;
		};
		098A24962F3934B900A7B613 /* Build configuration list for PBXNativeTarget "IxIntentsExtension" */ = {
			isa = XCConfigurationList;
			buildConfigurations = (
				098A24902F3934B900A7B613 /* Debug */,
				098A24912F3934B900A7B613 /* Release */,
			);
			defaultConfigurationIsVisible = 0;
			defaultConfigurationName = Release;
		};
		09F48F482D7E623D00CA50AC /* Build configuration list for PBXNativeTarget "indexShareExtension" */ = {
			isa = XCConfigurationList;
			buildConfigurations = (
				09F48F462D7E623D00CA50AC /* Debug */,
				09F48F472D7E623D00CA50AC /* Release */,
			);
			defaultConfigurationIsVisible = 0;
			defaultConfigurationName = Release;
		};
/* End XCConfigurationList section */

/* Begin XCRemoteSwiftPackageReference section */
		0915C1672CB80DA1003CF70B /* XCRemoteSwiftPackageReference "GoogleSignIn-iOS" */ = {
			isa = XCRemoteSwiftPackageReference;
			repositoryURL = "https://github.com/google/GoogleSignIn-iOS";
			requirement = {
				kind = upToNextMajorVersion;
				minimumVersion = 8.0.0;
			};
		};
		092F90AD2D7296A300760176 /* XCRemoteSwiftPackageReference "purchases-ios-spm" */ = {
			isa = XCRemoteSwiftPackageReference;
			repositoryURL = "https://github.com/RevenueCat/purchases-ios-spm.git";
			requirement = {
				kind = upToNextMajorVersion;
				minimumVersion = 5.18.0;
			};
		};
		092FE7BB2D7F2AF600F38388 /* XCRemoteSwiftPackageReference "Starscream" */ = {
			isa = XCRemoteSwiftPackageReference;
			repositoryURL = "https://github.com/daltoniam/Starscream";
			requirement = {
				kind = upToNextMajorVersion;
				minimumVersion = 4.0.8;
			};
		};
		0932EB392CEB6BBF00321EEE /* XCRemoteSwiftPackageReference "DynamicColor" */ = {
			isa = XCRemoteSwiftPackageReference;
			repositoryURL = "https://github.com/yannickl/DynamicColor.git";
			requirement = {
				kind = upToNextMajorVersion;
				minimumVersion = 5.0.1;
			};
		};
		09841BFC2F1EA12C00D3E85E /* XCRemoteSwiftPackageReference "swiftui-window-overlay" */ = {
			isa = XCRemoteSwiftPackageReference;
			repositoryURL = "https://github.com/sunghyun-k/swiftui-window-overlay";
			requirement = {
				kind = upToNextMajorVersion;
				minimumVersion = 1.0.2;
			};
		};
		0992A5C72D8A3A3400EF7B33 /* XCRemoteSwiftPackageReference "firebase-ios-sdk" */ = {
			isa = XCRemoteSwiftPackageReference;
			repositoryURL = "https://github.com/firebase/firebase-ios-sdk";
			requirement = {
				kind = upToNextMajorVersion;
				minimumVersion = 11.10.0;
			};
		};
		099C0F392F09AE47003C546F /* XCRemoteSwiftPackageReference "MCEmojiPicker" */ = {
			isa = XCRemoteSwiftPackageReference;
			repositoryURL = "https://github.com/jeanno/MCEmojiPicker";
			requirement = {
				kind = upToNextMajorVersion;
				minimumVersion = 1.2.6;
			};
		};
/* End XCRemoteSwiftPackageReference section */

/* Begin XCSwiftPackageProductDependency section */
		090499B52DC52D9800E9AE3D /* IxCoreKit */ = {
			isa = XCSwiftPackageProductDependency;
			productName = IxCoreKit;
		};
		0915C1682CB80DA1003CF70B /* GoogleSignIn */ = {
			isa = XCSwiftPackageProductDependency;
			package = 0915C1672CB80DA1003CF70B /* XCRemoteSwiftPackageReference "GoogleSignIn-iOS" */;
			productName = GoogleSignIn;
		};
		0915C16A2CB80DA1003CF70B /* GoogleSignInSwift */ = {
			isa = XCSwiftPackageProductDependency;
			package = 0915C1672CB80DA1003CF70B /* XCRemoteSwiftPackageReference "GoogleSignIn-iOS" */;
			productName = GoogleSignInSwift;
		};
		092F90AE2D7296A300760176 /* RevenueCat */ = {
			isa = XCSwiftPackageProductDependency;
			package = 092F90AD2D7296A300760176 /* XCRemoteSwiftPackageReference "purchases-ios-spm" */;
			productName = RevenueCat;
		};
		092F90B02D7296A300760176 /* RevenueCatUI */ = {
			isa = XCSwiftPackageProductDependency;
			package = 092F90AD2D7296A300760176 /* XCRemoteSwiftPackageReference "purchases-ios-spm" */;
			productName = RevenueCatUI;
		};
		092FE7BC2D7F2BCC00F38388 /* Starscream */ = {
			isa = XCSwiftPackageProductDependency;
			package = 092FE7BB2D7F2AF600F38388 /* XCRemoteSwiftPackageReference "Starscream" */;
			productName = Starscream;
		};
		0932EB3A2CEB6BBF00321EEE /* DynamicColor */ = {
			isa = XCSwiftPackageProductDependency;
			package = 0932EB392CEB6BBF00321EEE /* XCRemoteSwiftPackageReference "DynamicColor" */;
			productName = DynamicColor;
		};
		096C022C2F09E4FA00425185 /* RevenueCat */ = {
			isa = XCSwiftPackageProductDependency;
			package = 092F90AD2D7296A300760176 /* XCRemoteSwiftPackageReference "purchases-ios-spm" */;
			productName = RevenueCat;
		};
		096C022E2F09E4FA00425185 /* RevenueCatUI */ = {
			isa = XCSwiftPackageProductDependency;
			package = 092F90AD2D7296A300760176 /* XCRemoteSwiftPackageReference "purchases-ios-spm" */;
			productName = RevenueCatUI;
		};
		096C02302F09E50A00425185 /* DynamicColor */ = {
			isa = XCSwiftPackageProductDependency;
			package = 0932EB392CEB6BBF00321EEE /* XCRemoteSwiftPackageReference "DynamicColor" */;
			productName = DynamicColor;
		};
		09841BFD2F1EA12C00D3E85E /* WindowOverlay */ = {
			isa = XCSwiftPackageProductDependency;
			package = 09841BFC2F1EA12C00D3E85E /* XCRemoteSwiftPackageReference "swiftui-window-overlay" */;
			productName = WindowOverlay;
		};
		0992A7402D8A44B400EF7B33 /* FirebaseCore */ = {
			isa = XCSwiftPackageProductDependency;
			package = 0992A5C72D8A3A3400EF7B33 /* XCRemoteSwiftPackageReference "firebase-ios-sdk" */;
			productName = FirebaseCore;
		};
		0992A7422D8A44BB00EF7B33 /* FirebaseMessaging */ = {
			isa = XCSwiftPackageProductDependency;
			package = 0992A5C72D8A3A3400EF7B33 /* XCRemoteSwiftPackageReference "firebase-ios-sdk" */;
			productName = FirebaseMessaging;
		};
		099C0F3A2F09AE47003C546F /* MCEmojiPicker */ = {
			isa = XCSwiftPackageProductDependency;
			package = 099C0F392F09AE47003C546F /* XCRemoteSwiftPackageReference "MCEmojiPicker" */;
			productName = MCEmojiPicker;
		};
		099C0F3C2F09AE47003C546F /* MCEmojiPickerJSON */ = {
			isa = XCSwiftPackageProductDependency;
			package = 099C0F392F09AE47003C546F /* XCRemoteSwiftPackageReference "MCEmojiPicker" */;
			productName = MCEmojiPickerJSON;
		};
		09CBAF5C2F393804009F1AD3 /* IxCoreKit */ = {
			isa = XCSwiftPackageProductDependency;
			productName = IxCoreKit;
		};
		09D9117E2DCB63730087D915 /* IxCoreKit */ = {
			isa = XCSwiftPackageProductDependency;
			productName = IxCoreKit;
		};
		09D911802DCB63770087D915 /* IxCoreKit */ = {
			isa = XCSwiftPackageProductDependency;
			productName = IxCoreKit;
		};
		09DA1F7C2F3BB76100F4EE9B /* DynamicColor */ = {
			isa = XCSwiftPackageProductDependency;
			package = 0932EB392CEB6BBF00321EEE /* XCRemoteSwiftPackageReference "DynamicColor" */;
			productName = DynamicColor;
		};
		09DC44A62F1EE3D7003A7185 /* MCEmojiPicker */ = {
			isa = XCSwiftPackageProductDependency;
			package = 099C0F392F09AE47003C546F /* XCRemoteSwiftPackageReference "MCEmojiPicker" */;
			productName = MCEmojiPicker;
		};
/* End XCSwiftPackageProductDependency section */
	};
	rootObject = 093287D12C9C811200A0717E /* Project object */;
}
