// !$*UTF8*$!
{
	archiveVersion = 1;
	classes = {
	};
	objectVersion = 77;
	objects = {

/* Begin PBXBuildFile section */
		0915C1692CB80DA1003CF70B /* GoogleSignIn in Frameworks */ = {isa = PBXBuildFile; productRef = 0915C1682CB80DA1003CF70B /* GoogleSignIn */; };
		0915C16B2CB80DA1003CF70B /* GoogleSignInSwift in Frameworks */ = {isa = PBXBuildFile; productRef = 0915C16A2CB80DA1003CF70B /* GoogleSignInSwift */; };
		0932EB3B2CEB6BBF00321EEE /* DynamicColor in Frameworks */ = {isa = PBXBuildFile; productRef = 0932EB3A2CEB6BBF00321EEE /* DynamicColor */; };
		099487EA2CEBC59500B3FC57 /* MCEmojiPicker in Frameworks */ = {isa = PBXBuildFile; productRef = 099487E92CEBC59500B3FC57 /* MCEmojiPicker */; };
/* End PBXBuildFile section */

/* Begin PBXContainerItemProxy section */
		093287ED2C9C811300A0717E /* PBXContainerItemProxy */ = {
			isa = PBXContainerItemProxy;
			containerPortal = 093287D12C9C811200A0717E /* Project object */;
			proxyType = 1;
			remoteGlobalIDString = 093287D82C9C811200A0717E;
			remoteInfo = index;
		};
		093287F72C9C811300A0717E /* PBXContainerItemProxy */ = {
			isa = PBXContainerItemProxy;
			containerPortal = 093287D12C9C811200A0717E /* Project object */;
			proxyType = 1;
			remoteGlobalIDString = 093287D82C9C811200A0717E;
			remoteInfo = index;
		};
/* End PBXContainerItemProxy section */

/* Begin PBXFileReference section */
		093287D92C9C811200A0717E /* index.app */ = {isa = PBXFileReference; explicitFileType = wrapper.application; includeInIndex = 0; path = index.app; sourceTree = BUILT_PRODUCTS_DIR; };
		093287EC2C9C811300A0717E /* indexTests.xctest */ = {isa = PBXFileReference; explicitFileType = wrapper.cfbundle; includeInIndex = 0; path = indexTests.xctest; sourceTree = BUILT_PRODUCTS_DIR; };
		093287F62C9C811300A0717E /* indexUITests.xctest */ = {isa = PBXFileReference; explicitFileType = wrapper.cfbundle; includeInIndex = 0; path = indexUITests.xctest; sourceTree = BUILT_PRODUCTS_DIR; };
/* End PBXFileReference section */

/* Begin PBXFileSystemSynchronizedBuildFileExceptionSet section */
		0915C16D2CB80EC5003CF70B /* Exceptions for "index" folder in "index" target */ = {
			isa = PBXFileSystemSynchronizedBuildFileExceptionSet;
			membershipExceptions = (
				Info.plist,
			);
			target = 093287D82C9C811200A0717E /* index */;
		};
/* End PBXFileSystemSynchronizedBuildFileExceptionSet section */

/* Begin PBXFileSystemSynchronizedRootGroup section */
		093287DB2C9C811200A0717E /* index */ = {
			isa = PBXFileSystemSynchronizedRootGroup;
			exceptions = (
				0915C16D2CB80EC5003CF70B /* Exceptions for "index" folder in "index" target */,
			);
			path = index;
			sourceTree = "<group>";
		};
		093287EF2C9C811300A0717E /* indexTests */ = {
			isa = PBXFileSystemSynchronizedRootGroup;
			path = indexTests;
			sourceTree = "<group>";
		};
		093287F92C9C811300A0717E /* indexUITests */ = {
			isa = PBXFileSystemSynchronizedRootGroup;
			path = indexUITests;
			sourceTree = "<group>";
		};
/* End PBXFileSystemSynchronizedRootGroup section */

/* Begin PBXFrameworksBuildPhase section */
		093287D62C9C811200A0717E /* Frameworks */ = {
			isa = PBXFrameworksBuildPhase;
			buildActionMask = 2147483647;
			files = (
				0915C1692CB80DA1003CF70B /* GoogleSignIn in Frameworks */,
				0932EB3B2CEB6BBF00321EEE /* DynamicColor in Frameworks */,
				0915C16B2CB80DA1003CF70B /* GoogleSignInSwift in Frameworks */,
				099487EA2CEBC59500B3FC57 /* MCEmojiPicker in Frameworks */,
			);
			runOnlyForDeploymentPostprocessing = 0;
		};
		093287E92C9C811300A0717E /* Frameworks */ = {
			isa = PBXFrameworksBuildPhase;
			buildActionMask = 2147483647;
			files = (
			);
			runOnlyForDeploymentPostprocessing = 0;
		};
		093287F32C9C811300A0717E /* Frameworks */ = {
			isa = PBXFrameworksBuildPhase;
			buildActionMask = 2147483647;
			files = (
			);
			runOnlyForDeploymentPostprocessing = 0;
		};
/* End PBXFrameworksBuildPhase section */

/* Begin PBXGroup section */
		093287D02C9C811200A0717E = {
			isa = PBXGroup;
			children = (
				093287DB2C9C811200A0717E /* index */,
				093287EF2C9C811300A0717E /* indexTests */,
				093287F92C9C811300A0717E /* indexUITests */,
				09DF7EFB2CEADAAE00D3BDFD /* Frameworks */,
				093287DA2C9C811200A0717E /* Products */,
			);
			sourceTree = "<group>";
		};
		093287DA2C9C811200A0717E /* Products */ = {
			isa = PBXGroup;
			children = (
				093287D92C9C811200A0717E /* index.app */,
				093287EC2C9C811300A0717E /* indexTests.xctest */,
				093287F62C9C811300A0717E /* indexUITests.xctest */,
			);
			name = Products;
			sourceTree = "<group>";
		};
		09DF7EFB2CEADAAE00D3BDFD /* Frameworks */ = {
			isa = PBXGroup;
			children = (
			);
			name = Frameworks;
			sourceTree = "<group>";
		};
/* End PBXGroup section */

/* Begin PBXNativeTarget section */
		093287D82C9C811200A0717E /* index */ = {
			isa = PBXNativeTarget;
			buildConfigurationList = 093288002C9C811300A0717E /* Build configuration list for PBXNativeTarget "index" */;
			buildPhases = (
				093287D52C9C811200A0717E /* Sources */,
				093287D62C9C811200A0717E /* Frameworks */,
				093287D72C9C811200A0717E /* Resources */,
			);
			buildRules = (
			);
			dependencies = (
			);
			fileSystemSynchronizedGroups = (
				093287DB2C9C811200A0717E /* index */,
			);
			name = index;
			packageProductDependencies = (
				0915C1682CB80DA1003CF70B /* GoogleSignIn */,
				0915C16A2CB80DA1003CF70B /* GoogleSignInSwift */,
				0932EB3A2CEB6BBF00321EEE /* DynamicColor */,
				099487E92CEBC59500B3FC57 /* MCEmojiPicker */,
			);
			productName = index;
			productReference = 093287D92C9C811200A0717E /* index.app */;
			productType = "com.apple.product-type.application";
		};
		093287EB2C9C811300A0717E /* indexTests */ = {
			isa = PBXNativeTarget;
			buildConfigurationList = 093288032C9C811300A0717E /* Build configuration list for PBXNativeTarget "indexTests" */;
			buildPhases = (
				093287E82C9C811300A0717E /* Sources */,
				093287E92C9C811300A0717E /* Frameworks */,
				093287EA2C9C811300A0717E /* Resources */,
			);
			buildRules = (
			);
			dependencies = (
				093287EE2C9C811300A0717E /* PBXTargetDependency */,
			);
			fileSystemSynchronizedGroups = (
				093287EF2C9C811300A0717E /* indexTests */,
			);
			name = indexTests;
			packageProductDependencies = (
			);
			productName = indexTests;
			productReference = 093287EC2C9C811300A0717E /* indexTests.xctest */;
			productType = "com.apple.product-type.bundle.unit-test";
		};
		093287F52C9C811300A0717E /* indexUITests */ = {
			isa = PBXNativeTarget;
			buildConfigurationList = 093288062C9C811300A0717E /* Build configuration list for PBXNativeTarget "indexUITests" */;
			buildPhases = (
				093287F22C9C811300A0717E /* Sources */,
				093287F32C9C811300A0717E /* Frameworks */,
				093287F42C9C811300A0717E /* Resources */,
			);
			buildRules = (
			);
			dependencies = (
				093287F82C9C811300A0717E /* PBXTargetDependency */,
			);
			fileSystemSynchronizedGroups = (
				093287F92C9C811300A0717E /* indexUITests */,
			);
			name = indexUITests;
			packageProductDependencies = (
			);
			productName = indexUITests;
			productReference = 093287F62C9C811300A0717E /* indexUITests.xctest */;
			productType = "com.apple.product-type.bundle.ui-testing";
		};
/* End PBXNativeTarget section */

/* Begin PBXProject section */
		093287D12C9C811200A0717E /* Project object */ = {
			isa = PBXProject;
			attributes = {
				BuildIndependentTargetsInParallel = 1;
				LastSwiftUpdateCheck = 1600;
				LastUpgradeCheck = 1600;
				TargetAttributes = {
					093287D82C9C811200A0717E = {
						CreatedOnToolsVersion = 16.0;
					};
					093287EB2C9C811300A0717E = {
						CreatedOnToolsVersion = 16.0;
						TestTargetID = 093287D82C9C811200A0717E;
					};
					093287F52C9C811300A0717E = {
						CreatedOnToolsVersion = 16.0;
						TestTargetID = 093287D82C9C811200A0717E;
					};
				};
			};
			buildConfigurationList = 093287D42C9C811200A0717E /* Build configuration list for PBXProject "index" */;
			developmentRegion = en;
			hasScannedForEncodings = 0;
			knownRegions = (
				en,
				Base,
			);
			mainGroup = 093287D02C9C811200A0717E;
			minimizedProjectReferenceProxies = 1;
			packageReferences = (
				0915C1672CB80DA1003CF70B /* XCRemoteSwiftPackageReference "GoogleSignIn-iOS" */,
				0932EB392CEB6BBF00321EEE /* XCRemoteSwiftPackageReference "DynamicColor" */,
				099487E82CEBC59500B3FC57 /* XCRemoteSwiftPackageReference "MCEmojiPicker" */,
			);
			preferredProjectObjectVersion = 77;
			productRefGroup = 093287DA2C9C811200A0717E /* Products */;
			projectDirPath = "";
			projectRoot = "";
			targets = (
				093287D82C9C811200A0717E /* index */,
				093287EB2C9C811300A0717E /* indexTests */,
				093287F52C9C811300A0717E /* indexUITests */,
			);
		};
/* End PBXProject section */

/* Begin PBXResourcesBuildPhase section */
		093287D72C9C811200A0717E /* Resources */ = {
			isa = PBXResourcesBuildPhase;
			buildActionMask = 2147483647;
			files = (
			);
			runOnlyForDeploymentPostprocessing = 0;
		};
		093287EA2C9C811300A0717E /* Resources */ = {
			isa = PBXResourcesBuildPhase;
			buildActionMask = 2147483647;
			files = (
			);
			runOnlyForDeploymentPostprocessing = 0;
		};
		093287F42C9C811300A0717E /* Resources */ = {
			isa = PBXResourcesBuildPhase;
			buildActionMask = 2147483647;
			files = (
			);
			runOnlyForDeploymentPostprocessing = 0;
		};
/* End PBXResourcesBuildPhase section */

/* Begin PBXSourcesBuildPhase section */
		093287D52C9C811200A0717E /* Sources */ = {
			isa = PBXSourcesBuildPhase;
			buildActionMask = 2147483647;
			files = (
			);
			runOnlyForDeploymentPostprocessing = 0;
		};
		093287E82C9C811300A0717E /* Sources */ = {
			isa = PBXSourcesBuildPhase;
			buildActionMask = 2147483647;
			files = (
			);
			runOnlyForDeploymentPostprocessing = 0;
		};
		093287F22C9C811300A0717E /* Sources */ = {
			isa = PBXSourcesBuildPhase;
			buildActionMask = 2147483647;
			files = (
			);
			runOnlyForDeploymentPostprocessing = 0;
		};
/* End PBXSourcesBuildPhase section */

/* Begin PBXTargetDependency section */
		093287EE2C9C811300A0717E /* PBXTargetDependency */ = {
			isa = PBXTargetDependency;
			target = 093287D82C9C811200A0717E /* index */;
			targetProxy = 093287ED2C9C811300A0717E /* PBXContainerItemProxy */;
		};
		093287F82C9C811300A0717E /* PBXTargetDependency */ = {
			isa = PBXTargetDependency;
			target = 093287D82C9C811200A0717E /* index */;
			targetProxy = 093287F72C9C811300A0717E /* PBXContainerItemProxy */;
		};
/* End PBXTargetDependency section */

/* Begin XCBuildConfiguration section */
		093287FE2C9C811300A0717E /* Debug */ = {
			isa = XCBuildConfiguration;
			buildSettings = {
				ALWAYS_SEARCH_USER_PATHS = NO;
				ASSETCATALOG_COMPILER_GENERATE_SWIFT_ASSET_SYMBOL_EXTENSIONS = YES;
				CLANG_ANALYZER_NONNULL = YES;
				CLANG_ANALYZER_NUMBER_OBJECT_CONVERSION = YES_AGGRESSIVE;
				CLANG_CXX_LANGUAGE_STANDARD = "gnu++20";
				CLANG_ENABLE_MODULES = YES;
				CLANG_ENABLE_OBJC_ARC = YES;
				CLANG_ENABLE_OBJC_WEAK = YES;
				CLANG_WARN_BLOCK_CAPTURE_AUTORELEASING = YES;
				CLANG_WARN_BOOL_CONVERSION = YES;
				CLANG_WARN_COMMA = YES;
				CLANG_WARN_CONSTANT_CONVERSION = YES;
				CLANG_WARN_DEPRECATED_OBJC_IMPLEMENTATIONS = YES;
				CLANG_WARN_DIRECT_OBJC_ISA_USAGE = YES_ERROR;
				CLANG_WARN_DOCUMENTATION_COMMENTS = YES;
				CLANG_WARN_EMPTY_BODY = YES;
				CLANG_WARN_ENUM_CONVERSION = YES;
				CLANG_WARN_INFINITE_RECURSION = YES;
				CLANG_WARN_INT_CONVERSION = YES;
				CLANG_WARN_NON_LITERAL_NULL_CONVERSION = YES;
				CLANG_WARN_OBJC_IMPLICIT_RETAIN_SELF = YES;
				CLANG_WARN_OBJC_LITERAL_CONVERSION = YES;
				CLANG_WARN_OBJC_ROOT_CLASS = YES_ERROR;
				CLANG_WARN_QUOTED_INCLUDE_IN_FRAMEWORK_HEADER = YES;
				CLANG_WARN_RANGE_LOOP_ANALYSIS = YES;
				CLANG_WARN_STRICT_PROTOTYPES = YES;
				CLANG_WARN_SUSPICIOUS_MOVE = YES;
				CLANG_WARN_UNGUARDED_AVAILABILITY = YES_AGGRESSIVE;
				CLANG_WARN_UNREACHABLE_CODE = YES;
				CLANG_WARN__DUPLICATE_METHOD_MATCH = YES;
				COPY_PHASE_STRIP = NO;
				DEBUG_INFORMATION_FORMAT = dwarf;
				ENABLE_STRICT_OBJC_MSGSEND = YES;
				ENABLE_TESTABILITY = YES;
				ENABLE_USER_SCRIPT_SANDBOXING = YES;
				GCC_C_LANGUAGE_STANDARD = gnu17;
				GCC_DYNAMIC_NO_PIC = NO;
				GCC_NO_COMMON_BLOCKS = YES;
				GCC_OPTIMIZATION_LEVEL = 0;
				GCC_PREPROCESSOR_DEFINITIONS = (
					"DEBUG=1",
					"$(inherited)",
				);
				GCC_WARN_64_TO_32_BIT_CONVERSION = YES;
				GCC_WARN_ABOUT_RETURN_TYPE = YES_ERROR;
				GCC_WARN_UNDECLARED_SELECTOR = YES;
				GCC_WARN_UNINITIALIZED_AUTOS = YES_AGGRESSIVE;
				GCC_WARN_UNUSED_FUNCTION = YES;
				GCC_WARN_UNUSED_VARIABLE = YES;
				LOCALIZATION_PREFERS_STRING_CATALOGS = YES;
				MTL_ENABLE_DEBUG_INFO = INCLUDE_SOURCE;
				MTL_FAST_MATH = YES;
				ONLY_ACTIVE_ARCH = YES;
				SWIFT_ACTIVE_COMPILATION_CONDITIONS = "DEBUG $(inherited)";
				SWIFT_OPTIMIZATION_LEVEL = "-Onone";
			};
			name = Debug;
		};
		093287FF2C9C811300A0717E /* Release */ = {
			isa = XCBuildConfiguration;
			buildSettings = {
				ALWAYS_SEARCH_USER_PATHS = NO;
				ASSETCATALOG_COMPILER_GENERATE_SWIFT_ASSET_SYMBOL_EXTENSIONS = YES;
				CLANG_ANALYZER_NONNULL = YES;
				CLANG_ANALYZER_NUMBER_OBJECT_CONVERSION = YES_AGGRESSIVE;
				CLANG_CXX_LANGUAGE_STANDARD = "gnu++20";
				CLANG_ENABLE_MODULES = YES;
				CLANG_ENABLE_OBJC_ARC = YES;
				CLANG_ENABLE_OBJC_WEAK = YES;
				CLANG_WARN_BLOCK_CAPTURE_AUTORELEASING = YES;
				CLANG_WARN_BOOL_CONVERSION = YES;
				CLANG_WARN_COMMA = YES;
				CLANG_WARN_CONSTANT_CONVERSION = YES;
				CLANG_WARN_DEPRECATED_OBJC_IMPLEMENTATIONS = YES;
				CLANG_WARN_DIRECT_OBJC_ISA_USAGE = YES_ERROR;
				CLANG_WARN_DOCUMENTATION_COMMENTS = YES;
				CLANG_WARN_EMPTY_BODY = YES;
				CLANG_WARN_ENUM_CONVERSION = YES;
				CLANG_WARN_INFINITE_RECURSION = YES;
				CLANG_WARN_INT_CONVERSION = YES;
				CLANG_WARN_NON_LITERAL_NULL_CONVERSION = YES;
				CLANG_WARN_OBJC_IMPLICIT_RETAIN_SELF = YES;
				CLANG_WARN_OBJC_LITERAL_CONVERSION = YES;
				CLANG_WARN_OBJC_ROOT_CLASS = YES_ERROR;
				CLANG_WARN_QUOTED_INCLUDE_IN_FRAMEWORK_HEADER = YES;
				CLANG_WARN_RANGE_LOOP_ANALYSIS = YES;
				CLANG_WARN_STRICT_PROTOTYPES = YES;
				CLANG_WARN_SUSPICIOUS_MOVE = YES;
				CLANG_WARN_UNGUARDED_AVAILABILITY = YES_AGGRESSIVE;
				CLANG_WARN_UNREACHABLE_CODE = YES;
				CLANG_WARN__DUPLICATE_METHOD_MATCH = YES;
				COPY_PHASE_STRIP = NO;
				DEBUG_INFORMATION_FORMAT = "dwarf-with-dsym";
				ENABLE_NS_ASSERTIONS = NO;
				ENABLE_STRICT_OBJC_MSGSEND = YES;
				ENABLE_USER_SCRIPT_SANDBOXING = YES;
				GCC_C_LANGUAGE_STANDARD = gnu17;
				GCC_NO_COMMON_BLOCKS = YES;
				GCC_WARN_64_TO_32_BIT_CONVERSION = YES;
				GCC_WARN_ABOUT_RETURN_TYPE = YES_ERROR;
				GCC_WARN_UNDECLARED_SELECTOR = YES;
				GCC_WARN_UNINITIALIZED_AUTOS = YES_AGGRESSIVE;
				GCC_WARN_UNUSED_FUNCTION = YES;
				GCC_WARN_UNUSED_VARIABLE = YES;
				LOCALIZATION_PREFERS_STRING_CATALOGS = YES;
				MTL_ENABLE_DEBUG_INFO = NO;
				MTL_FAST_MATH = YES;
				SWIFT_COMPILATION_MODE = wholemodule;
			};
			name = Release;
		};
		093288012C9C811300A0717E /* Debug */ = {
			isa = XCBuildConfiguration;
			buildSettings = {
				ASSETCATALOG_COMPILER_APPICON_NAME = AppIcon;
				ASSETCATALOG_COMPILER_GLOBAL_ACCENT_COLOR_NAME = AccentColor;
				CODE_SIGN_ENTITLEMENTS = index/index.entitlements;
				CODE_SIGN_STYLE = Automatic;
				CURRENT_PROJECT_VERSION = 1;
				DEVELOPMENT_ASSET_PATHS = "\"index/Preview Content\"";
				DEVELOPMENT_TEAM = 79VJQ9DB34;
				ENABLE_PREVIEWS = YES;
				GENERATE_INFOPLIST_FILE = YES;
				INFOPLIST_FILE = index/Info.plist;
				"INFOPLIST_KEY_UIApplicationSceneManifest_Generation[sdk=iphoneos*]" = YES;
				"INFOPLIST_KEY_UIApplicationSceneManifest_Generation[sdk=iphonesimulator*]" = YES;
				"INFOPLIST_KEY_UIApplicationSupportsIndirectInputEvents[sdk=iphoneos*]" = YES;
				"INFOPLIST_KEY_UIApplicationSupportsIndirectInputEvents[sdk=iphonesimulator*]" = YES;
				"INFOPLIST_KEY_UILaunchScreen_Generation[sdk=iphoneos*]" = YES;
				"INFOPLIST_KEY_UILaunchScreen_Generation[sdk=iphonesimulator*]" = YES;
				"INFOPLIST_KEY_UIStatusBarStyle[sdk=iphoneos*]" = UIStatusBarStyleDefault;
				"INFOPLIST_KEY_UIStatusBarStyle[sdk=iphonesimulator*]" = UIStatusBarStyleDefault;
				INFOPLIST_KEY_UISupportedInterfaceOrientations_iPad = "UIInterfaceOrientationPortrait UIInterfaceOrientationPortraitUpsideDown UIInterfaceOrientationLandscapeLeft UIInterfaceOrientationLandscapeRight";
				INFOPLIST_KEY_UISupportedInterfaceOrientations_iPhone = UIInterfaceOrientationPortrait;
				IPHONEOS_DEPLOYMENT_TARGET = 18.0;
				LD_RUNPATH_SEARCH_PATHS = "@executable_path/Frameworks";
				"LD_RUNPATH_SEARCH_PATHS[sdk=macosx*]" = "@executable_path/../Frameworks";
				MACOSX_DEPLOYMENT_TARGET = 14.0;
				MARKETING_VERSION = 1.0;
				PRODUCT_BUNDLE_IDENTIFIER = "app.index-it.index";
				PRODUCT_NAME = "$(TARGET_NAME)";
				SDKROOT = auto;
				SUPPORTED_PLATFORMS = "iphoneos iphonesimulator";
				SUPPORTS_MACCATALYST = NO;
				SWIFT_EMIT_LOC_STRINGS = YES;
				SWIFT_VERSION = 5.0;
				TARGETED_DEVICE_FAMILY = 1;
				XROS_DEPLOYMENT_TARGET = 2.0;
			};
			name = Debug;
		};
		093288022C9C811300A0717E /* Release */ = {
			isa = XCBuildConfiguration;
			buildSettings = {
				ASSETCATALOG_COMPILER_APPICON_NAME = AppIcon;
				ASSETCATALOG_COMPILER_GLOBAL_ACCENT_COLOR_NAME = AccentColor;
				CODE_SIGN_ENTITLEMENTS = index/index.entitlements;
				CODE_SIGN_STYLE = Automatic;
				CURRENT_PROJECT_VERSION = 1;
				DEVELOPMENT_ASSET_PATHS = "\"index/Preview Content\"";
				DEVELOPMENT_TEAM = 79VJQ9DB34;
				ENABLE_PREVIEWS = YES;
				GENERATE_INFOPLIST_FILE = YES;
				INFOPLIST_FILE = index/Info.plist;
				"INFOPLIST_KEY_UIApplicationSceneManifest_Generation[sdk=iphoneos*]" = YES;
				"INFOPLIST_KEY_UIApplicationSceneManifest_Generation[sdk=iphonesimulator*]" = YES;
				"INFOPLIST_KEY_UIApplicationSupportsIndirectInputEvents[sdk=iphoneos*]" = YES;
				"INFOPLIST_KEY_UIApplicationSupportsIndirectInputEvents[sdk=iphonesimulator*]" = YES;
				"INFOPLIST_KEY_UILaunchScreen_Generation[sdk=iphoneos*]" = YES;
				"INFOPLIST_KEY_UILaunchScreen_Generation[sdk=iphonesimulator*]" = YES;
				"INFOPLIST_KEY_UIStatusBarStyle[sdk=iphoneos*]" = UIStatusBarStyleDefault;
				"INFOPLIST_KEY_UIStatusBarStyle[sdk=iphonesimulator*]" = UIStatusBarStyleDefault;
				INFOPLIST_KEY_UISupportedInterfaceOrientations_iPad = "UIInterfaceOrientationPortrait UIInterfaceOrientationPortraitUpsideDown UIInterfaceOrientationLandscapeLeft UIInterfaceOrientationLandscapeRight";
				INFOPLIST_KEY_UISupportedInterfaceOrientations_iPhone = UIInterfaceOrientationPortrait;
				IPHONEOS_DEPLOYMENT_TARGET = 18.0;
				LD_RUNPATH_SEARCH_PATHS = "@executable_path/Frameworks";
				"LD_RUNPATH_SEARCH_PATHS[sdk=macosx*]" = "@executable_path/../Frameworks";
				MACOSX_DEPLOYMENT_TARGET = 14.0;
				MARKETING_VERSION = 1.0;
				PRODUCT_BUNDLE_IDENTIFIER = "app.index-it.index";
				PRODUCT_NAME = "$(TARGET_NAME)";
				SDKROOT = auto;
				SUPPORTED_PLATFORMS = "iphoneos iphonesimulator";
				SUPPORTS_MACCATALYST = NO;
				SWIFT_EMIT_LOC_STRINGS = YES;
				SWIFT_VERSION = 5.0;
				TARGETED_DEVICE_FAMILY = 1;
				XROS_DEPLOYMENT_TARGET = 2.0;
			};
			name = Release;
		};
		093288042C9C811300A0717E /* Debug */ = {
			isa = XCBuildConfiguration;
			buildSettings = {
				BUNDLE_LOADER = "$(TEST_HOST)";
				CODE_SIGN_STYLE = Automatic;
				CURRENT_PROJECT_VERSION = 1;
				GENERATE_INFOPLIST_FILE = YES;
				IPHONEOS_DEPLOYMENT_TARGET = 18.0;
				MACOSX_DEPLOYMENT_TARGET = 14.6;
				MARKETING_VERSION = 1.0;
				PRODUCT_BUNDLE_IDENTIFIER = "app.index-it.indexTests";
				PRODUCT_NAME = "$(TARGET_NAME)";
				SDKROOT = auto;
				SUPPORTED_PLATFORMS = "iphoneos iphonesimulator macosx xros xrsimulator";
				SWIFT_EMIT_LOC_STRINGS = NO;
				SWIFT_VERSION = 5.0;
				TARGETED_DEVICE_FAMILY = "1,2,7";
				TEST_HOST = "$(BUILT_PRODUCTS_DIR)/index.app/$(BUNDLE_EXECUTABLE_FOLDER_PATH)/index";
				XROS_DEPLOYMENT_TARGET = 2.0;
			};
			name = Debug;
		};
		093288052C9C811300A0717E /* Release */ = {
			isa = XCBuildConfiguration;
			buildSettings = {
				BUNDLE_LOADER = "$(TEST_HOST)";
				CODE_SIGN_STYLE = Automatic;
				CURRENT_PROJECT_VERSION = 1;
				GENERATE_INFOPLIST_FILE = YES;
				IPHONEOS_DEPLOYMENT_TARGET = 18.0;
				MACOSX_DEPLOYMENT_TARGET = 14.6;
				MARKETING_VERSION = 1.0;
				PRODUCT_BUNDLE_IDENTIFIER = "app.index-it.indexTests";
				PRODUCT_NAME = "$(TARGET_NAME)";
				SDKROOT = auto;
				SUPPORTED_PLATFORMS = "iphoneos iphonesimulator macosx xros xrsimulator";
				SWIFT_EMIT_LOC_STRINGS = NO;
				SWIFT_VERSION = 5.0;
				TARGETED_DEVICE_FAMILY = "1,2,7";
				TEST_HOST = "$(BUILT_PRODUCTS_DIR)/index.app/$(BUNDLE_EXECUTABLE_FOLDER_PATH)/index";
				XROS_DEPLOYMENT_TARGET = 2.0;
			};
			name = Release;
		};
		093288072C9C811300A0717E /* Debug */ = {
			isa = XCBuildConfiguration;
			buildSettings = {
				CODE_SIGN_STYLE = Automatic;
				CURRENT_PROJECT_VERSION = 1;
				GENERATE_INFOPLIST_FILE = YES;
				IPHONEOS_DEPLOYMENT_TARGET = 18.0;
				MACOSX_DEPLOYMENT_TARGET = 14.6;
				MARKETING_VERSION = 1.0;
				PRODUCT_BUNDLE_IDENTIFIER = "app.index-it.indexUITests";
				PRODUCT_NAME = "$(TARGET_NAME)";
				SDKROOT = auto;
				SUPPORTED_PLATFORMS = "iphoneos iphonesimulator macosx xros xrsimulator";
				SWIFT_EMIT_LOC_STRINGS = NO;
				SWIFT_VERSION = 5.0;
				TARGETED_DEVICE_FAMILY = "1,2,7";
				TEST_TARGET_NAME = index;
				XROS_DEPLOYMENT_TARGET = 2.0;
			};
			name = Debug;
		};
		093288082C9C811300A0717E /* Release */ = {
			isa = XCBuildConfiguration;
			buildSettings = {
				CODE_SIGN_STYLE = Automatic;
				CURRENT_PROJECT_VERSION = 1;
				GENERATE_INFOPLIST_FILE = YES;
				IPHONEOS_DEPLOYMENT_TARGET = 18.0;
				MACOSX_DEPLOYMENT_TARGET = 14.6;
				MARKETING_VERSION = 1.0;
				PRODUCT_BUNDLE_IDENTIFIER = "app.index-it.indexUITests";
				PRODUCT_NAME = "$(TARGET_NAME)";
				SDKROOT = auto;
				SUPPORTED_PLATFORMS = "iphoneos iphonesimulator macosx xros xrsimulator";
				SWIFT_EMIT_LOC_STRINGS = NO;
				SWIFT_VERSION = 5.0;
				TARGETED_DEVICE_FAMILY = "1,2,7";
				TEST_TARGET_NAME = index;
				XROS_DEPLOYMENT_TARGET = 2.0;
			};
			name = Release;
		};
/* End XCBuildConfiguration section */

/* Begin XCConfigurationList section */
		093287D42C9C811200A0717E /* Build configuration list for PBXProject "index" */ = {
			isa = XCConfigurationList;
			buildConfigurations = (
				093287FE2C9C811300A0717E /* Debug */,
				093287FF2C9C811300A0717E /* Release */,
			);
			defaultConfigurationIsVisible = 0;
			defaultConfigurationName = Release;
		};
		093288002C9C811300A0717E /* Build configuration list for PBXNativeTarget "index" */ = {
			isa = XCConfigurationList;
			buildConfigurations = (
				093288012C9C811300A0717E /* Debug */,
				093288022C9C811300A0717E /* Release */,
			);
			defaultConfigurationIsVisible = 0;
			defaultConfigurationName = Release;
		};
		093288032C9C811300A0717E /* Build configuration list for PBXNativeTarget "indexTests" */ = {
			isa = XCConfigurationList;
			buildConfigurations = (
				093288042C9C811300A0717E /* Debug */,
				093288052C9C811300A0717E /* Release */,
			);
			defaultConfigurationIsVisible = 0;
			defaultConfigurationName = Release;
		};
		093288062C9C811300A0717E /* Build configuration list for PBXNativeTarget "indexUITests" */ = {
			isa = XCConfigurationList;
			buildConfigurations = (
				093288072C9C811300A0717E /* Debug */,
				093288082C9C811300A0717E /* Release */,
			);
			defaultConfigurationIsVisible = 0;
			defaultConfigurationName = Release;
		};
/* End XCConfigurationList section */

/* Begin XCRemoteSwiftPackageReference section */
		0915C1672CB80DA1003CF70B /* XCRemoteSwiftPackageReference "GoogleSignIn-iOS" */ = {
			isa = XCRemoteSwiftPackageReference;
			repositoryURL = "https://github.com/google/GoogleSignIn-iOS";
			requirement = {
				kind = upToNextMajorVersion;
				minimumVersion = 8.0.0;
			};
		};
		0932EB392CEB6BBF00321EEE /* XCRemoteSwiftPackageReference "DynamicColor" */ = {
			isa = XCRemoteSwiftPackageReference;
			repositoryURL = "https://github.com/yannickl/DynamicColor.git";
			requirement = {
				kind = upToNextMajorVersion;
				minimumVersion = 5.0.1;
			};
		};
		099487E82CEBC59500B3FC57 /* XCRemoteSwiftPackageReference "MCEmojiPicker" */ = {
			isa = XCRemoteSwiftPackageReference;
			repositoryURL = "https://github.com/izyumkin/MCEmojiPicker";
			requirement = {
				kind = upToNextMajorVersion;
				minimumVersion = 1.2.3;
			};
		};
/* End XCRemoteSwiftPackageReference section */

/* Begin XCSwiftPackageProductDependency section */
		0915C1682CB80DA1003CF70B /* GoogleSignIn */ = {
			isa = XCSwiftPackageProductDependency;
			package = 0915C1672CB80DA1003CF70B /* XCRemoteSwiftPackageReference "GoogleSignIn-iOS" */;
			productName = GoogleSignIn;
		};
		0915C16A2CB80DA1003CF70B /* GoogleSignInSwift */ = {
			isa = XCSwiftPackageProductDependency;
			package = 0915C1672CB80DA1003CF70B /* XCRemoteSwiftPackageReference "GoogleSignIn-iOS" */;
			productName = GoogleSignInSwift;
		};
		0932EB3A2CEB6BBF00321EEE /* DynamicColor */ = {
			isa = XCSwiftPackageProductDependency;
			package = 0932EB392CEB6BBF00321EEE /* XCRemoteSwiftPackageReference "DynamicColor" */;
			productName = DynamicColor;
		};
		099487E92CEBC59500B3FC57 /* MCEmojiPicker */ = {
			isa = XCSwiftPackageProductDependency;
			package = 099487E82CEBC59500B3FC57 /* XCRemoteSwiftPackageReference "MCEmojiPicker" */;
			productName = MCEmojiPicker;
		};
/* End XCSwiftPackageProductDependency section */
	};
	rootObject = 093287D12C9C811200A0717E /* Project object */;
}
